// !$*UTF8*$!
{
	archiveVersion = 1;
	classes = {
	};
	objectVersion = 46;
	objects = {

/* Begin PBXBuildFile section */
		C971DE061DCE1C61004A9223 /* main.m in Sources */ = {isa = PBXBuildFile; fileRef = C971DE051DCE1C61004A9223 /* main.m */; };
		C971DE091DCE1C61004A9223 /* AppDelegate.m in Sources */ = {isa = PBXBuildFile; fileRef = C971DE081DCE1C61004A9223 /* AppDelegate.m */; };
		C971DE111DCE1C61004A9223 /* Assets.xcassets in Resources */ = {isa = PBXBuildFile; fileRef = C971DE101DCE1C61004A9223 /* Assets.xcassets */; };
		C971DE141DCE1C61004A9223 /* LaunchScreen.storyboard in Resources */ = {isa = PBXBuildFile; fileRef = C971DE121DCE1C61004A9223 /* LaunchScreen.storyboard */; };
		C9CF1CF81DCF09C30007E1FD /* Test1ViewController.m in Sources */ = {isa = PBXBuildFile; fileRef = C9CF1CF71DCF09C30007E1FD /* Test1ViewController.m */; };
		C9CF1CFB1DCF0BAE0007E1FD /* Test2ViewController.m in Sources */ = {isa = PBXBuildFile; fileRef = C9CF1CFA1DCF0BAE0007E1FD /* Test2ViewController.m */; };
		C9CF1CFD1DCF0CFF0007E1FD /* 06.jpg in Resources */ = {isa = PBXBuildFile; fileRef = C9CF1CFC1DCF0CFF0007E1FD /* 06.jpg */; };
/* End PBXBuildFile section */

/* Begin PBXFileReference section */
		C971DE011DCE1C61004A9223 /* Core Animation Demo.app */ = {isa = PBXFileReference; explicitFileType = wrapper.application; includeInIndex = 0; path = "Core Animation Demo.app"; sourceTree = BUILT_PRODUCTS_DIR; };
		C971DE051DCE1C61004A9223 /* main.m */ = {isa = PBXFileReference; lastKnownFileType = sourcecode.c.objc; path = main.m; sourceTree = "<group>"; };
		C971DE071DCE1C61004A9223 /* AppDelegate.h */ = {isa = PBXFileReference; lastKnownFileType = sourcecode.c.h; path = AppDelegate.h; sourceTree = "<group>"; };
		C971DE081DCE1C61004A9223 /* AppDelegate.m */ = {isa = PBXFileReference; lastKnownFileType = sourcecode.c.objc; path = AppDelegate.m; sourceTree = "<group>"; };
		C971DE101DCE1C61004A9223 /* Assets.xcassets */ = {isa = PBXFileReference; lastKnownFileType = folder.assetcatalog; path = Assets.xcassets; sourceTree = "<group>"; };
		C971DE131DCE1C61004A9223 /* Base */ = {isa = PBXFileReference; lastKnownFileType = file.storyboard; name = Base; path = Base.lproj/LaunchScreen.storyboard; sourceTree = "<group>"; };
		C971DE151DCE1C61004A9223 /* Info.plist */ = {isa = PBXFileReference; lastKnownFileType = text.plist.xml; path = Info.plist; sourceTree = "<group>"; };
		C9CF1CF61DCF09C30007E1FD /* Test1ViewController.h */ = {isa = PBXFileReference; fileEncoding = 4; lastKnownFileType = sourcecode.c.h; path = Test1ViewController.h; sourceTree = "<group>"; };
		C9CF1CF71DCF09C30007E1FD /* Test1ViewController.m */ = {isa = PBXFileReference; fileEncoding = 4; lastKnownFileType = sourcecode.c.objc; path = Test1ViewController.m; sourceTree = "<group>"; };
		C9CF1CF91DCF0BAE0007E1FD /* Test2ViewController.h */ = {isa = PBXFileReference; fileEncoding = 4; lastKnownFileType = sourcecode.c.h; path = Test2ViewController.h; sourceTree = "<group>"; };
		C9CF1CFA1DCF0BAE0007E1FD /* Test2ViewController.m */ = {isa = PBXFileReference; fileEncoding = 4; lastKnownFileType = sourcecode.c.objc; path = Test2ViewController.m; sourceTree = "<group>"; };
		C9CF1CFC1DCF0CFF0007E1FD /* 06.jpg */ = {isa = PBXFileReference; lastKnownFileType = image.jpeg; path = 06.jpg; sourceTree = "<group>"; };
/* End PBXFileReference section */

/* Begin PBXFrameworksBuildPhase section */
		C971DDFE1DCE1C61004A9223 /* Frameworks */ = {
			isa = PBXFrameworksBuildPhase;
			buildActionMask = 2147483647;
			files = (
			);
			runOnlyForDeploymentPostprocessing = 0;
		};
/* End PBXFrameworksBuildPhase section */

/* Begin PBXGroup section */
		C971DDF81DCE1C61004A9223 = {
			isa = PBXGroup;
			children = (
				C971DE031DCE1C61004A9223 /* Core Animation Demo */,
				C971DE021DCE1C61004A9223 /* Products */,
			);
			sourceTree = "<group>";
		};
		C971DE021DCE1C61004A9223 /* Products */ = {
			isa = PBXGroup;
			children = (
				C971DE011DCE1C61004A9223 /* Core Animation Demo.app */,
			);
			name = Products;
			sourceTree = "<group>";
		};
		C971DE031DCE1C61004A9223 /* Core Animation Demo */ = {
			isa = PBXGroup;
			children = (
				C971DE071DCE1C61004A9223 /* AppDelegate.h */,
				C971DE081DCE1C61004A9223 /* AppDelegate.m */,
				C9CF1CF61DCF09C30007E1FD /* Test1ViewController.h */,
				C9CF1CF71DCF09C30007E1FD /* Test1ViewController.m */,
				C9CF1CF91DCF0BAE0007E1FD /* Test2ViewController.h */,
				C9CF1CFA1DCF0BAE0007E1FD /* Test2ViewController.m */,
				C971DE101DCE1C61004A9223 /* Assets.xcassets */,
				C971DE121DCE1C61004A9223 /* LaunchScreen.storyboard */,
				C971DE151DCE1C61004A9223 /* Info.plist */,
				C971DE041DCE1C61004A9223 /* Supporting Files */,
			);
			path = "Core Animation Demo";
			sourceTree = "<group>";
		};
		C971DE041DCE1C61004A9223 /* Supporting Files */ = {
			isa = PBXGroup;
			children = (
				C9CF1CFC1DCF0CFF0007E1FD /* 06.jpg */,
				C971DE051DCE1C61004A9223 /* main.m */,
			);
			name = "Supporting Files";
			sourceTree = "<group>";
		};
/* End PBXGroup section */

/* Begin PBXNativeTarget section */
		C971DE001DCE1C61004A9223 /* Core Animation Demo */ = {
			isa = PBXNativeTarget;
			buildConfigurationList = C971DE181DCE1C61004A9223 /* Build configuration list for PBXNativeTarget "Core Animation Demo" */;
			buildPhases = (
				C971DDFD1DCE1C61004A9223 /* Sources */,
				C971DDFE1DCE1C61004A9223 /* Frameworks */,
				C971DDFF1DCE1C61004A9223 /* Resources */,
			);
			buildRules = (
			);
			dependencies = (
			);
			name = "Core Animation Demo";
			productName = "Core Animation Demo";
			productReference = C971DE011DCE1C61004A9223 /* Core Animation Demo.app */;
			productType = "com.apple.product-type.application";
		};
/* End PBXNativeTarget section */

/* Begin PBXProject section */
		C971DDF91DCE1C61004A9223 /* Project object */ = {
			isa = PBXProject;
			attributes = {
				LastUpgradeCheck = 0810;
				ORGANIZATIONNAME = XWH;
				TargetAttributes = {
					C971DE001DCE1C61004A9223 = {
						CreatedOnToolsVersion = 8.1;
						ProvisioningStyle = Automatic;
					};
				};
			};
			buildConfigurationList = C971DDFC1DCE1C61004A9223 /* Build configuration list for PBXProject "Core Animation Demo" */;
			compatibilityVersion = "Xcode 3.2";
			developmentRegion = English;
			hasScannedForEncodings = 0;
			knownRegions = (
				en,
				Base,
			);
			mainGroup = C971DDF81DCE1C61004A9223;
			productRefGroup = C971DE021DCE1C61004A9223 /* Products */;
			projectDirPath = "";
			projectRoot = "";
			targets = (
				C971DE001DCE1C61004A9223 /* Core Animation Demo */,
			);
		};
/* End PBXProject section */

/* Begin PBXResourcesBuildPhase section */
		C971DDFF1DCE1C61004A9223 /* Resources */ = {
			isa = PBXResourcesBuildPhase;
			buildActionMask = 2147483647;
			files = (
				C9CF1CFD1DCF0CFF0007E1FD /* 06.jpg in Resources */,
				C971DE141DCE1C61004A9223 /* LaunchScreen.storyboard in Resources */,
				C971DE111DCE1C61004A9223 /* Assets.xcassets in Resources */,
			);
			runOnlyForDeploymentPostprocessing = 0;
		};
/* End PBXResourcesBuildPhase section */

/* Begin PBXSourcesBuildPhase section */
		C971DDFD1DCE1C61004A9223 /* Sources */ = {
			isa = PBXSourcesBuildPhase;
			buildActionMask = 2147483647;
			files = (
				C9CF1CF81DCF09C30007E1FD /* Test1ViewController.m in Sources */,
				C9CF1CFB1DCF0BAE0007E1FD /* Test2ViewController.m in Sources */,
				C971DE091DCE1C61004A9223 /* AppDelegate.m in Sources */,
				C971DE061DCE1C61004A9223 /* main.m in Sources */,
			);
			runOnlyForDeploymentPostprocessing = 0;
		};
/* End PBXSourcesBuildPhase section */

/* Begin PBXVariantGroup section */
		C971DE121DCE1C61004A9223 /* LaunchScreen.storyboard */ = {
			isa = PBXVariantGroup;
			children = (
				C971DE131DCE1C61004A9223 /* Base */,
			);
			name = LaunchScreen.storyboard;
			sourceTree = "<group>";
		};
/* End PBXVariantGroup section */

/* Begin XCBuildConfiguration section */
		C971DE161DCE1C61004A9223 /* Debug */ = {
			isa = XCBuildConfiguration;
			buildSettings = {
				ALWAYS_SEARCH_USER_PATHS = NO;
				CLANG_ANALYZER_NONNULL = YES;
				CLANG_CXX_LANGUAGE_STANDARD = "gnu++0x";
				CLANG_CXX_LIBRARY = "libc++";
				CLANG_ENABLE_MODULES = YES;
				CLANG_ENABLE_OBJC_ARC = YES;
				CLANG_WARN_BOOL_CONVERSION = YES;
				CLANG_WARN_CONSTANT_CONVERSION = YES;
				CLANG_WARN_DIRECT_OBJC_ISA_USAGE = YES_ERROR;
				CLANG_WARN_DOCUMENTATION_COMMENTS = YES;
				CLANG_WARN_EMPTY_BODY = YES;
				CLANG_WARN_ENUM_CONVERSION = YES;
				CLANG_WARN_INFINITE_RECURSION = YES;
				CLANG_WARN_INT_CONVERSION = YES;
				CLANG_WARN_OBJC_ROOT_CLASS = YES_ERROR;
				CLANG_WARN_SUSPICIOUS_MOVES = YES;
				CLANG_WARN_UNREACHABLE_CODE = YES;
				CLANG_WARN__DUPLICATE_METHOD_MATCH = YES;
				"CODE_SIGN_IDENTITY[sdk=iphoneos*]" = "iPhone Developer";
				COPY_PHASE_STRIP = NO;
				DEBUG_INFORMATION_FORMAT = dwarf;
				ENABLE_STRICT_OBJC_MSGSEND = YES;
				ENABLE_TESTABILITY = YES;
				GCC_C_LANGUAGE_STANDARD = gnu99;
				GCC_DYNAMIC_NO_PIC = NO;
				GCC_NO_COMMON_BLOCKS = YES;
				GCC_OPTIMIZATION_LEVEL = 0;
				GCC_PREPROCESSOR_DEFINITIONS = (
					"DEBUG=1",
					"$(inherited)",
				);
				GCC_WARN_64_TO_32_BIT_CONVERSION = YES;
				GCC_WARN_ABOUT_RETURN_TYPE = YES_ERROR;
				GCC_WARN_UNDECLARED_SELECTOR = YES;
				GCC_WARN_UNINITIALIZED_AUTOS = YES_AGGRESSIVE;
				GCC_WARN_UNUSED_FUNCTION = YES;
				GCC_WARN_UNUSED_VARIABLE = YES;
				IPHONEOS_DEPLOYMENT_TARGET = 10.1;
				MTL_ENABLE_DEBUG_INFO = YES;
				ONLY_ACTIVE_ARCH = YES;
				SDKROOT = iphoneos;
				TARGETED_DEVICE_FAMILY = "1,2";
			};
			name = Debug;
		};
		C971DE171DCE1C61004A9223 /* Release */ = {
			isa = XCBuildConfiguration;
			buildSettings = {
				ALWAYS_SEARCH_USER_PATHS = NO;
				CLANG_ANALYZER_NONNULL = YES;
				CLANG_CXX_LANGUAGE_STANDARD = "gnu++0x";
				CLANG_CXX_LIBRARY = "libc++";
				CLANG_ENABLE_MODULES = YES;
				CLANG_ENABLE_OBJC_ARC = YES;
				CLANG_WARN_BOOL_CONVERSION = YES;
				CLANG_WARN_CONSTANT_CONVERSION = YES;
				CLANG_WARN_DIRECT_OBJC_ISA_USAGE = YES_ERROR;
				CLANG_WARN_DOCUMENTATION_COMMENTS = YES;
				CLANG_WARN_EMPTY_BODY = YES;
				CLANG_WARN_ENUM_CONVERSION = YES;
				CLANG_WARN_INFINITE_RECURSION = YES;
				CLANG_WARN_INT_CONVERSION = YES;
				CLANG_WARN_OBJC_ROOT_CLASS = YES_ERROR;
				CLANG_WARN_SUSPICIOUS_MOVES = YES;
				CLANG_WARN_UNREACHABLE_CODE = YES;
				CLANG_WARN__DUPLICATE_METHOD_MATCH = YES;
				"CODE_SIGN_IDENTITY[sdk=iphoneos*]" = "iPhone Developer";
				COPY_PHASE_STRIP = NO;
				DEBUG_INFORMATION_FORMAT = "dwarf-with-dsym";
				ENABLE_NS_ASSERTIONS = NO;
				ENABLE_STRICT_OBJC_MSGSEND = YES;
				GCC_C_LANGUAGE_STANDARD = gnu99;
				GCC_NO_COMMON_BLOCKS = YES;
				GCC_WARN_64_TO_32_BIT_CONVERSION = YES;
				GCC_WARN_ABOUT_RETURN_TYPE = YES_ERROR;
				GCC_WARN_UNDECLARED_SELECTOR = YES;
				GCC_WARN_UNINITIALIZED_AUTOS = YES_AGGRESSIVE;
				GCC_WARN_UNUSED_FUNCTION = YES;
				GCC_WARN_UNUSED_VARIABLE = YES;
				IPHONEOS_DEPLOYMENT_TARGET = 10.1;
				MTL_ENABLE_DEBUG_INFO = NO;
				SDKROOT = iphoneos;
				TARGETED_DEVICE_FAMILY = "1,2";
				VALIDATE_PRODUCT = YES;
			};
			name = Release;
		};
		C971DE191DCE1C61004A9223 /* Debug */ = {
			isa = XCBuildConfiguration;
			buildSettings = {
				ASSETCATALOG_COMPILER_APPICON_NAME = AppIcon;
				INFOPLIST_FILE = "Core Animation Demo/Info.plist";
				IPHONEOS_DEPLOYMENT_TARGET = 9.0;
				LD_RUNPATH_SEARCH_PATHS = "$(inherited) @executable_path/Frameworks";
				PRODUCT_BUNDLE_IDENTIFIER = "com.1019459067.Core-Animation-Demo";
				PRODUCT_NAME = "$(TARGET_NAME)";
			};
			name = Debug;
		};
		C971DE1A1DCE1C61004A9223 /* Release */ = {
			isa = XCBuildConfiguration;
			buildSettings = {
				ASSETCATALOG_COMPILER_APPICON_NAME = AppIcon;
				INFOPLIST_FILE = "Core Animation Demo/Info.plist";
				IPHONEOS_DEPLOYMENT_TARGET = 9.0;
				LD_RUNPATH_SEARCH_PATHS = "$(inherited) @executable_path/Frameworks";
				PRODUCT_BUNDLE_IDENTIFIER = "com.1019459067.Core-Animation-Demo";
				PRODUCT_NAME = "$(TARGET_NAME)";
			};
			name = Release;
		};
/* End XCBuildConfiguration section */

/* Begin XCConfigurationList section */
		C971DDFC1DCE1C61004A9223 /* Build configuration list for PBXProject "Core Animation Demo" */ = {
			isa = XCConfigurationList;
			buildConfigurations = (
				C971DE161DCE1C61004A9223 /* Debug */,
				C971DE171DCE1C61004A9223 /* Release */,
			);
			defaultConfigurationIsVisible = 0;
			defaultConfigurationName = Release;
		};
		C971DE181DCE1C61004A9223 /* Build configuration list for PBXNativeTarget "Core Animation Demo" */ = {
			isa = XCConfigurationList;
			buildConfigurations = (
				C971DE191DCE1C61004A9223 /* Debug */,
				C971DE1A1DCE1C61004A9223 /* Release */,
			);
			defaultConfigurationIsVisible = 0;
			defaultConfigurationName = Release;
		};
/* End XCConfigurationList section */
	};
	rootObject = C971DDF91DCE1C61004A9223 /* Project object */;
}
