// !$*UTF8*$!
{
	archiveVersion = 1;
	classes = {
	};
	objectVersion = 46;
	objects = {

/* Begin PBXBuildFile section */
		303B9BE51D45FC9200A235DC /* WHAllViewController.m in Sources */ = {isa = PBXBuildFile; fileRef = 303B9BE41D45FC9200A235DC /* WHAllViewController.m */; };
		303B9BE81D45FCA400A235DC /* WHVideoViewController.m in Sources */ = {isa = PBXBuildFile; fileRef = 303B9BE71D45FCA400A235DC /* WHVideoViewController.m */; };
		303B9BEB1D45FCBF00A235DC /* WHVoiceViewController.m in Sources */ = {isa = PBXBuildFile; fileRef = 303B9BEA1D45FCBF00A235DC /* WHVoiceViewController.m */; };
		303B9BEE1D45FCD200A235DC /* WHPictureViewController.m in Sources */ = {isa = PBXBuildFile; fileRef = 303B9BED1D45FCD200A235DC /* WHPictureViewController.m */; };
		303B9BF11D45FCDD00A235DC /* WHWordViewController.m in Sources */ = {isa = PBXBuildFile; fileRef = 303B9BF01D45FCDD00A235DC /* WHWordViewController.m */; };
		303B9BF41D461D5F00A235DC /* WHTopic.m in Sources */ = {isa = PBXBuildFile; fileRef = 303B9BF31D461D5F00A235DC /* WHTopic.m */; };
		305713A71D421E64000ECA6B /* UITextField+WHExtension.m in Sources */ = {isa = PBXBuildFile; fileRef = 305713A61D421E64000ECA6B /* UITextField+WHExtension.m */; };
		C921F34A1D35401600BAFB3C /* UIBarButtonItem+WHExtension.m in Sources */ = {isa = PBXBuildFile; fileRef = C921F3491D35401600BAFB3C /* UIBarButtonItem+WHExtension.m */; };
		C921F34D1D35431100BAFB3C /* WHRecommendFollowViewController.m in Sources */ = {isa = PBXBuildFile; fileRef = C921F34C1D35431100BAFB3C /* WHRecommendFollowViewController.m */; };
		C921F3501D3547D500BAFB3C /* WHSettingViewController.m in Sources */ = {isa = PBXBuildFile; fileRef = C921F34F1D3547D500BAFB3C /* WHSettingViewController.m */; };
		C921F3561D35A07900BAFB3C /* WHTabBarViewController.m in Sources */ = {isa = PBXBuildFile; fileRef = C921F3541D35A07900BAFB3C /* WHTabBarViewController.m */; };
		C921F3591D35A09600BAFB3C /* WHNavigationController.m in Sources */ = {isa = PBXBuildFile; fileRef = C921F3581D35A09600BAFB3C /* WHNavigationController.m */; };
		C921F35B1D39FB2F00BAFB3C /* WHFollowViewController.xib in Resources */ = {isa = PBXBuildFile; fileRef = C921F35A1D39FB2F00BAFB3C /* WHFollowViewController.xib */; };
		C921F3641D3A180800BAFB3C /* WHLoginRegisterViewController.m in Sources */ = {isa = PBXBuildFile; fileRef = C921F3621D3A180800BAFB3C /* WHLoginRegisterViewController.m */; };
		C921F3651D3A180800BAFB3C /* WHLoginRegisterViewController.xib in Resources */ = {isa = PBXBuildFile; fileRef = C921F3631D3A180800BAFB3C /* WHLoginRegisterViewController.xib */; };
		C921F3681D3A181600BAFB3C /* WHTabBar.m in Sources */ = {isa = PBXBuildFile; fileRef = C921F3671D3A181600BAFB3C /* WHTabBar.m */; };
		C921F36B1D3A185200BAFB3C /* WHQuickLoginButton.m in Sources */ = {isa = PBXBuildFile; fileRef = C921F36A1D3A185200BAFB3C /* WHQuickLoginButton.m */; };
		C921F36E1D3B733900BAFB3C /* WHLoginRegisterTextField.m in Sources */ = {isa = PBXBuildFile; fileRef = C921F36D1D3B733900BAFB3C /* WHLoginRegisterTextField.m */; };
		C9254C221D43274A0047D8AE /* WHMeCell.m in Sources */ = {isa = PBXBuildFile; fileRef = C9254C211D43274A0047D8AE /* WHMeCell.m */; };
		C9254C251D4328020047D8AE /* WHConst.m in Sources */ = {isa = PBXBuildFile; fileRef = C9254C241D4328020047D8AE /* WHConst.m */; };
		C9254C281D43CC8D0047D8AE /* WHMeFootView.m in Sources */ = {isa = PBXBuildFile; fileRef = C9254C271D43CC8D0047D8AE /* WHMeFootView.m */; };
		C99075A71D2AB61100304220 /* Main.storyboard in Resources */ = {isa = PBXBuildFile; fileRef = C99075A51D2AB61100304220 /* Main.storyboard */; };
		C99075A91D2AB61100304220 /* Assets.xcassets in Resources */ = {isa = PBXBuildFile; fileRef = C99075A81D2AB61100304220 /* Assets.xcassets */; };
		C9D8476B1D43D18000FFBCBC /* AFHTTPSessionManager.m in Sources */ = {isa = PBXBuildFile; fileRef = C9D8475F1D43D18000FFBCBC /* AFHTTPSessionManager.m */; };
		C9D8476C1D43D18000FFBCBC /* AFNetworkReachabilityManager.m in Sources */ = {isa = PBXBuildFile; fileRef = C9D847621D43D18000FFBCBC /* AFNetworkReachabilityManager.m */; };
		C9D8476D1D43D18000FFBCBC /* AFSecurityPolicy.m in Sources */ = {isa = PBXBuildFile; fileRef = C9D847641D43D18000FFBCBC /* AFSecurityPolicy.m */; };
		C9D8476E1D43D18000FFBCBC /* AFURLRequestSerialization.m in Sources */ = {isa = PBXBuildFile; fileRef = C9D847661D43D18000FFBCBC /* AFURLRequestSerialization.m */; };
		C9D8476F1D43D18000FFBCBC /* AFURLResponseSerialization.m in Sources */ = {isa = PBXBuildFile; fileRef = C9D847681D43D18000FFBCBC /* AFURLResponseSerialization.m */; };
		C9D847701D43D18000FFBCBC /* AFURLSessionManager.m in Sources */ = {isa = PBXBuildFile; fileRef = C9D8476A1D43D18000FFBCBC /* AFURLSessionManager.m */; };
		C9D847931D43D21100FFBCBC /* MKAnnotationView+WebCache.m in Sources */ = {isa = PBXBuildFile; fileRef = C9D847731D43D21100FFBCBC /* MKAnnotationView+WebCache.m */; };
		C9D847941D43D21100FFBCBC /* NSData+ImageContentType.m in Sources */ = {isa = PBXBuildFile; fileRef = C9D847751D43D21100FFBCBC /* NSData+ImageContentType.m */; };
		C9D847951D43D21100FFBCBC /* SDImageCache.m in Sources */ = {isa = PBXBuildFile; fileRef = C9D847771D43D21100FFBCBC /* SDImageCache.m */; };
		C9D847961D43D21100FFBCBC /* SDWebImageCompat.m in Sources */ = {isa = PBXBuildFile; fileRef = C9D847791D43D21100FFBCBC /* SDWebImageCompat.m */; };
		C9D847971D43D21100FFBCBC /* SDWebImageDecoder.m in Sources */ = {isa = PBXBuildFile; fileRef = C9D8477B1D43D21100FFBCBC /* SDWebImageDecoder.m */; };
		C9D847981D43D21100FFBCBC /* SDWebImageDownloader.m in Sources */ = {isa = PBXBuildFile; fileRef = C9D8477D1D43D21100FFBCBC /* SDWebImageDownloader.m */; };
		C9D847991D43D21100FFBCBC /* SDWebImageDownloaderOperation.m in Sources */ = {isa = PBXBuildFile; fileRef = C9D8477F1D43D21100FFBCBC /* SDWebImageDownloaderOperation.m */; };
		C9D8479A1D43D21100FFBCBC /* SDWebImageManager.m in Sources */ = {isa = PBXBuildFile; fileRef = C9D847811D43D21100FFBCBC /* SDWebImageManager.m */; };
		C9D8479B1D43D21100FFBCBC /* SDWebImagePrefetcher.m in Sources */ = {isa = PBXBuildFile; fileRef = C9D847841D43D21100FFBCBC /* SDWebImagePrefetcher.m */; };
		C9D8479C1D43D21100FFBCBC /* UIButton+WebCache.m in Sources */ = {isa = PBXBuildFile; fileRef = C9D847861D43D21100FFBCBC /* UIButton+WebCache.m */; };
		C9D8479D1D43D21100FFBCBC /* UIImage+GIF.m in Sources */ = {isa = PBXBuildFile; fileRef = C9D847881D43D21100FFBCBC /* UIImage+GIF.m */; };
		C9D8479E1D43D21100FFBCBC /* UIImage+MultiFormat.m in Sources */ = {isa = PBXBuildFile; fileRef = C9D8478A1D43D21100FFBCBC /* UIImage+MultiFormat.m */; };
		C9D8479F1D43D21100FFBCBC /* UIImage+WebP.m in Sources */ = {isa = PBXBuildFile; fileRef = C9D8478C1D43D21100FFBCBC /* UIImage+WebP.m */; };
		C9D847A01D43D21100FFBCBC /* UIImageView+HighlightedWebCache.m in Sources */ = {isa = PBXBuildFile; fileRef = C9D8478E1D43D21100FFBCBC /* UIImageView+HighlightedWebCache.m */; };
		C9D847A11D43D21100FFBCBC /* UIImageView+WebCache.m in Sources */ = {isa = PBXBuildFile; fileRef = C9D847901D43D21100FFBCBC /* UIImageView+WebCache.m */; };
		C9D847A21D43D21100FFBCBC /* UIView+WebCacheOperation.m in Sources */ = {isa = PBXBuildFile; fileRef = C9D847921D43D21100FFBCBC /* UIView+WebCacheOperation.m */; };
		C9D847A51D4462D800FFBCBC /* WHMeSquare.m in Sources */ = {isa = PBXBuildFile; fileRef = C9D847A41D4462D800FFBCBC /* WHMeSquare.m */; };
		C9D847BD1D44637700FFBCBC /* Info.plist in Resources */ = {isa = PBXBuildFile; fileRef = C9D847A71D44637700FFBCBC /* Info.plist */; };
		C9D847BE1D44637700FFBCBC /* MJExtensionConst.m in Sources */ = {isa = PBXBuildFile; fileRef = C9D847AA1D44637700FFBCBC /* MJExtensionConst.m */; };
		C9D847BF1D44637700FFBCBC /* MJFoundation.m in Sources */ = {isa = PBXBuildFile; fileRef = C9D847AC1D44637700FFBCBC /* MJFoundation.m */; };
		C9D847C01D44637700FFBCBC /* MJProperty.m in Sources */ = {isa = PBXBuildFile; fileRef = C9D847AE1D44637700FFBCBC /* MJProperty.m */; };
		C9D847C11D44637700FFBCBC /* MJPropertyKey.m in Sources */ = {isa = PBXBuildFile; fileRef = C9D847B01D44637700FFBCBC /* MJPropertyKey.m */; };
		C9D847C21D44637700FFBCBC /* MJPropertyType.m in Sources */ = {isa = PBXBuildFile; fileRef = C9D847B21D44637700FFBCBC /* MJPropertyType.m */; };
		C9D847C31D44637700FFBCBC /* NSObject+MJClass.m in Sources */ = {isa = PBXBuildFile; fileRef = C9D847B41D44637700FFBCBC /* NSObject+MJClass.m */; };
		C9D847C41D44637700FFBCBC /* NSObject+MJCoding.m in Sources */ = {isa = PBXBuildFile; fileRef = C9D847B61D44637700FFBCBC /* NSObject+MJCoding.m */; };
		C9D847C51D44637700FFBCBC /* NSObject+MJKeyValue.m in Sources */ = {isa = PBXBuildFile; fileRef = C9D847B81D44637700FFBCBC /* NSObject+MJKeyValue.m */; };
		C9D847C61D44637700FFBCBC /* NSObject+MJProperty.m in Sources */ = {isa = PBXBuildFile; fileRef = C9D847BA1D44637700FFBCBC /* NSObject+MJProperty.m */; };
		C9D847C71D44637700FFBCBC /* NSString+MJExtension.m in Sources */ = {isa = PBXBuildFile; fileRef = C9D847BC1D44637700FFBCBC /* NSString+MJExtension.m */; };
		C9D847CA1D447E5A00FFBCBC /* WHMeSquareButton.m in Sources */ = {isa = PBXBuildFile; fileRef = C9D847C91D447E5A00FFBCBC /* WHMeSquareButton.m */; };
		C9D847D11D448ED100FFBCBC /* WHWebViewController.m in Sources */ = {isa = PBXBuildFile; fileRef = C9D847CF1D448ED100FFBCBC /* WHWebViewController.m */; };
		C9D847D21D448ED100FFBCBC /* WHWebViewController.xib in Resources */ = {isa = PBXBuildFile; fileRef = C9D847D01D448ED100FFBCBC /* WHWebViewController.xib */; };
		C9D847D51D44A60300FFBCBC /* NSString+WHExtension.m in Sources */ = {isa = PBXBuildFile; fileRef = C9D847D41D44A60300FFBCBC /* NSString+WHExtension.m */; };
		C9D847D81D44AE9F00FFBCBC /* WHClearCacheCell.m in Sources */ = {isa = PBXBuildFile; fileRef = C9D847D71D44AE9F00FFBCBC /* WHClearCacheCell.m */; };
		C9D847E41D44CD0000FFBCBC /* SVIndefiniteAnimatedView.m in Sources */ = {isa = PBXBuildFile; fileRef = C9D847DB1D44CD0000FFBCBC /* SVIndefiniteAnimatedView.m */; };
		C9D847E51D44CD0000FFBCBC /* SVProgressAnimatedView.m in Sources */ = {isa = PBXBuildFile; fileRef = C9D847DD1D44CD0000FFBCBC /* SVProgressAnimatedView.m */; };
		C9D847E61D44CD0000FFBCBC /* SVProgressHUD.bundle in Resources */ = {isa = PBXBuildFile; fileRef = C9D847DF1D44CD0000FFBCBC /* SVProgressHUD.bundle */; };
		C9D847E71D44CD0000FFBCBC /* SVProgressHUD.m in Sources */ = {isa = PBXBuildFile; fileRef = C9D847E11D44CD0000FFBCBC /* SVProgressHUD.m */; };
		C9D847E81D44CD0000FFBCBC /* SVRadialGradientLayer.m in Sources */ = {isa = PBXBuildFile; fileRef = C9D847E31D44CD0000FFBCBC /* SVRadialGradientLayer.m */; };
		C9D847EB1D44D6F900FFBCBC /* WHSettingCell.m in Sources */ = {isa = PBXBuildFile; fileRef = C9D847EA1D44D6F900FFBCBC /* WHSettingCell.m */; };
		C9D847EE1D451ABB00FFBCBC /* WHTitleButton.m in Sources */ = {isa = PBXBuildFile; fileRef = C9D847ED1D451ABB00FFBCBC /* WHTitleButton.m */; };
		C9DDCAEA1D328F4400004080 /* WHEssenceViewController.m in Sources */ = {isa = PBXBuildFile; fileRef = C9DDCAC61D328F4400004080 /* WHEssenceViewController.m */; };
		C9DDCAEB1D328F4400004080 /* WHFollowViewController.m in Sources */ = {isa = PBXBuildFile; fileRef = C9DDCACC1D328F4400004080 /* WHFollowViewController.m */; };
		C9DDCAEC1D328F4400004080 /* WHMeViewController.m in Sources */ = {isa = PBXBuildFile; fileRef = C9DDCAD21D328F4400004080 /* WHMeViewController.m */; };
		C9DDCAED1D328F4400004080 /* WHNewViewController.m in Sources */ = {isa = PBXBuildFile; fileRef = C9DDCAD81D328F4400004080 /* WHNewViewController.m */; };
		C9DDCAEE1D328F4400004080 /* AppDelegate.m in Sources */ = {isa = PBXBuildFile; fileRef = C9DDCADD1D328F4400004080 /* AppDelegate.m */; };
		C9DDCAEF1D328F4400004080 /* UIView+WHExtension.m in Sources */ = {isa = PBXBuildFile; fileRef = C9DDCAE01D328F4400004080 /* UIView+WHExtension.m */; };
		C9DDCAF01D328F4400004080 /* main.m in Sources */ = {isa = PBXBuildFile; fileRef = C9DDCAE21D328F4400004080 /* main.m */; };
/* End PBXBuildFile section */

/* Begin PBXFileReference section */
		303B9BE31D45FC9200A235DC /* WHAllViewController.h */ = {isa = PBXFileReference; fileEncoding = 4; lastKnownFileType = sourcecode.c.h; path = WHAllViewController.h; sourceTree = "<group>"; };
		303B9BE41D45FC9200A235DC /* WHAllViewController.m */ = {isa = PBXFileReference; fileEncoding = 4; lastKnownFileType = sourcecode.c.objc; path = WHAllViewController.m; sourceTree = "<group>"; };
		303B9BE61D45FCA400A235DC /* WHVideoViewController.h */ = {isa = PBXFileReference; fileEncoding = 4; lastKnownFileType = sourcecode.c.h; path = WHVideoViewController.h; sourceTree = "<group>"; };
		303B9BE71D45FCA400A235DC /* WHVideoViewController.m */ = {isa = PBXFileReference; fileEncoding = 4; lastKnownFileType = sourcecode.c.objc; path = WHVideoViewController.m; sourceTree = "<group>"; };
		303B9BE91D45FCBF00A235DC /* WHVoiceViewController.h */ = {isa = PBXFileReference; fileEncoding = 4; lastKnownFileType = sourcecode.c.h; path = WHVoiceViewController.h; sourceTree = "<group>"; };
		303B9BEA1D45FCBF00A235DC /* WHVoiceViewController.m */ = {isa = PBXFileReference; fileEncoding = 4; lastKnownFileType = sourcecode.c.objc; path = WHVoiceViewController.m; sourceTree = "<group>"; };
		303B9BEC1D45FCD200A235DC /* WHPictureViewController.h */ = {isa = PBXFileReference; fileEncoding = 4; lastKnownFileType = sourcecode.c.h; path = WHPictureViewController.h; sourceTree = "<group>"; };
		303B9BED1D45FCD200A235DC /* WHPictureViewController.m */ = {isa = PBXFileReference; fileEncoding = 4; lastKnownFileType = sourcecode.c.objc; path = WHPictureViewController.m; sourceTree = "<group>"; };
		303B9BEF1D45FCDD00A235DC /* WHWordViewController.h */ = {isa = PBXFileReference; fileEncoding = 4; lastKnownFileType = sourcecode.c.h; path = WHWordViewController.h; sourceTree = "<group>"; };
		303B9BF01D45FCDD00A235DC /* WHWordViewController.m */ = {isa = PBXFileReference; fileEncoding = 4; lastKnownFileType = sourcecode.c.objc; path = WHWordViewController.m; sourceTree = "<group>"; };
		303B9BF21D461D5F00A235DC /* WHTopic.h */ = {isa = PBXFileReference; fileEncoding = 4; lastKnownFileType = sourcecode.c.h; name = WHTopic.h; path = "百思不得姐/Classes/Essence/Controller/WHTopic.h"; sourceTree = SOURCE_ROOT; };
		303B9BF31D461D5F00A235DC /* WHTopic.m */ = {isa = PBXFileReference; fileEncoding = 4; lastKnownFileType = sourcecode.c.objc; name = WHTopic.m; path = "百思不得姐/Classes/Essence/Controller/WHTopic.m"; sourceTree = SOURCE_ROOT; };
		305713A51D421E64000ECA6B /* UITextField+WHExtension.h */ = {isa = PBXFileReference; fileEncoding = 4; lastKnownFileType = sourcecode.c.h; path = "UITextField+WHExtension.h"; sourceTree = "<group>"; };
		305713A61D421E64000ECA6B /* UITextField+WHExtension.m */ = {isa = PBXFileReference; fileEncoding = 4; lastKnownFileType = sourcecode.c.objc; path = "UITextField+WHExtension.m"; sourceTree = "<group>"; };
		C921F3481D35401600BAFB3C /* UIBarButtonItem+WHExtension.h */ = {isa = PBXFileReference; fileEncoding = 4; lastKnownFileType = sourcecode.c.h; path = "UIBarButtonItem+WHExtension.h"; sourceTree = "<group>"; };
		C921F3491D35401600BAFB3C /* UIBarButtonItem+WHExtension.m */ = {isa = PBXFileReference; fileEncoding = 4; lastKnownFileType = sourcecode.c.objc; path = "UIBarButtonItem+WHExtension.m"; sourceTree = "<group>"; };
		C921F34B1D35431100BAFB3C /* WHRecommendFollowViewController.h */ = {isa = PBXFileReference; fileEncoding = 4; lastKnownFileType = sourcecode.c.h; path = WHRecommendFollowViewController.h; sourceTree = "<group>"; };
		C921F34C1D35431100BAFB3C /* WHRecommendFollowViewController.m */ = {isa = PBXFileReference; fileEncoding = 4; lastKnownFileType = sourcecode.c.objc; path = WHRecommendFollowViewController.m; sourceTree = "<group>"; };
		C921F34E1D3547D500BAFB3C /* WHSettingViewController.h */ = {isa = PBXFileReference; fileEncoding = 4; lastKnownFileType = sourcecode.c.h; path = WHSettingViewController.h; sourceTree = "<group>"; };
		C921F34F1D3547D500BAFB3C /* WHSettingViewController.m */ = {isa = PBXFileReference; fileEncoding = 4; lastKnownFileType = sourcecode.c.objc; path = WHSettingViewController.m; sourceTree = "<group>"; };
		C921F3531D35A07900BAFB3C /* WHTabBarViewController.h */ = {isa = PBXFileReference; fileEncoding = 4; lastKnownFileType = sourcecode.c.h; path = WHTabBarViewController.h; sourceTree = "<group>"; };
		C921F3541D35A07900BAFB3C /* WHTabBarViewController.m */ = {isa = PBXFileReference; fileEncoding = 4; lastKnownFileType = sourcecode.c.objc; path = WHTabBarViewController.m; sourceTree = "<group>"; };
		C921F3571D35A09600BAFB3C /* WHNavigationController.h */ = {isa = PBXFileReference; fileEncoding = 4; lastKnownFileType = sourcecode.c.h; path = WHNavigationController.h; sourceTree = "<group>"; };
		C921F3581D35A09600BAFB3C /* WHNavigationController.m */ = {isa = PBXFileReference; fileEncoding = 4; lastKnownFileType = sourcecode.c.objc; path = WHNavigationController.m; sourceTree = "<group>"; };
		C921F35A1D39FB2F00BAFB3C /* WHFollowViewController.xib */ = {isa = PBXFileReference; fileEncoding = 4; lastKnownFileType = file.xib; path = WHFollowViewController.xib; sourceTree = "<group>"; };
		C921F3611D3A180800BAFB3C /* WHLoginRegisterViewController.h */ = {isa = PBXFileReference; fileEncoding = 4; lastKnownFileType = sourcecode.c.h; path = WHLoginRegisterViewController.h; sourceTree = "<group>"; };
		C921F3621D3A180800BAFB3C /* WHLoginRegisterViewController.m */ = {isa = PBXFileReference; fileEncoding = 4; lastKnownFileType = sourcecode.c.objc; path = WHLoginRegisterViewController.m; sourceTree = "<group>"; };
		C921F3631D3A180800BAFB3C /* WHLoginRegisterViewController.xib */ = {isa = PBXFileReference; fileEncoding = 4; lastKnownFileType = file.xib; path = WHLoginRegisterViewController.xib; sourceTree = "<group>"; };
		C921F3661D3A181600BAFB3C /* WHTabBar.h */ = {isa = PBXFileReference; fileEncoding = 4; lastKnownFileType = sourcecode.c.h; path = WHTabBar.h; sourceTree = "<group>"; };
		C921F3671D3A181600BAFB3C /* WHTabBar.m */ = {isa = PBXFileReference; fileEncoding = 4; lastKnownFileType = sourcecode.c.objc; path = WHTabBar.m; sourceTree = "<group>"; };
		C921F3691D3A185200BAFB3C /* WHQuickLoginButton.h */ = {isa = PBXFileReference; fileEncoding = 4; lastKnownFileType = sourcecode.c.h; path = WHQuickLoginButton.h; sourceTree = "<group>"; };
		C921F36A1D3A185200BAFB3C /* WHQuickLoginButton.m */ = {isa = PBXFileReference; fileEncoding = 4; lastKnownFileType = sourcecode.c.objc; path = WHQuickLoginButton.m; sourceTree = "<group>"; };
		C921F36C1D3B733900BAFB3C /* WHLoginRegisterTextField.h */ = {isa = PBXFileReference; fileEncoding = 4; lastKnownFileType = sourcecode.c.h; path = WHLoginRegisterTextField.h; sourceTree = "<group>"; };
		C921F36D1D3B733900BAFB3C /* WHLoginRegisterTextField.m */ = {isa = PBXFileReference; fileEncoding = 4; lastKnownFileType = sourcecode.c.objc; path = WHLoginRegisterTextField.m; sourceTree = "<group>"; };
		C9254C201D43274A0047D8AE /* WHMeCell.h */ = {isa = PBXFileReference; fileEncoding = 4; lastKnownFileType = sourcecode.c.h; path = WHMeCell.h; sourceTree = "<group>"; };
		C9254C211D43274A0047D8AE /* WHMeCell.m */ = {isa = PBXFileReference; fileEncoding = 4; lastKnownFileType = sourcecode.c.objc; path = WHMeCell.m; sourceTree = "<group>"; };
		C9254C231D4328020047D8AE /* WHConst.h */ = {isa = PBXFileReference; fileEncoding = 4; lastKnownFileType = sourcecode.c.h; path = WHConst.h; sourceTree = "<group>"; };
		C9254C241D4328020047D8AE /* WHConst.m */ = {isa = PBXFileReference; fileEncoding = 4; lastKnownFileType = sourcecode.c.objc; path = WHConst.m; sourceTree = "<group>"; };
		C9254C261D43CC8D0047D8AE /* WHMeFootView.h */ = {isa = PBXFileReference; fileEncoding = 4; lastKnownFileType = sourcecode.c.h; path = WHMeFootView.h; sourceTree = "<group>"; };
		C9254C271D43CC8D0047D8AE /* WHMeFootView.m */ = {isa = PBXFileReference; fileEncoding = 4; lastKnownFileType = sourcecode.c.objc; path = WHMeFootView.m; sourceTree = "<group>"; };
		C99075991D2AB61100304220 /* 百思不得姐.app */ = {isa = PBXFileReference; explicitFileType = wrapper.application; includeInIndex = 0; path = "百思不得姐.app"; sourceTree = BUILT_PRODUCTS_DIR; };
		C99075A61D2AB61100304220 /* Base */ = {isa = PBXFileReference; lastKnownFileType = file.storyboard; name = Base; path = Base.lproj/Main.storyboard; sourceTree = "<group>"; };
		C99075A81D2AB61100304220 /* Assets.xcassets */ = {isa = PBXFileReference; lastKnownFileType = folder.assetcatalog; path = Assets.xcassets; sourceTree = "<group>"; };
		C99075AD1D2AB61100304220 /* Info.plist */ = {isa = PBXFileReference; lastKnownFileType = text.plist.xml; path = Info.plist; sourceTree = "<group>"; };
		C9D8475E1D43D18000FFBCBC /* AFHTTPSessionManager.h */ = {isa = PBXFileReference; fileEncoding = 4; lastKnownFileType = sourcecode.c.h; path = AFHTTPSessionManager.h; sourceTree = "<group>"; };
		C9D8475F1D43D18000FFBCBC /* AFHTTPSessionManager.m */ = {isa = PBXFileReference; fileEncoding = 4; lastKnownFileType = sourcecode.c.objc; path = AFHTTPSessionManager.m; sourceTree = "<group>"; };
		C9D847601D43D18000FFBCBC /* AFNetworking.h */ = {isa = PBXFileReference; fileEncoding = 4; lastKnownFileType = sourcecode.c.h; path = AFNetworking.h; sourceTree = "<group>"; };
		C9D847611D43D18000FFBCBC /* AFNetworkReachabilityManager.h */ = {isa = PBXFileReference; fileEncoding = 4; lastKnownFileType = sourcecode.c.h; path = AFNetworkReachabilityManager.h; sourceTree = "<group>"; };
		C9D847621D43D18000FFBCBC /* AFNetworkReachabilityManager.m */ = {isa = PBXFileReference; fileEncoding = 4; lastKnownFileType = sourcecode.c.objc; path = AFNetworkReachabilityManager.m; sourceTree = "<group>"; };
		C9D847631D43D18000FFBCBC /* AFSecurityPolicy.h */ = {isa = PBXFileReference; fileEncoding = 4; lastKnownFileType = sourcecode.c.h; path = AFSecurityPolicy.h; sourceTree = "<group>"; };
		C9D847641D43D18000FFBCBC /* AFSecurityPolicy.m */ = {isa = PBXFileReference; fileEncoding = 4; lastKnownFileType = sourcecode.c.objc; path = AFSecurityPolicy.m; sourceTree = "<group>"; };
		C9D847651D43D18000FFBCBC /* AFURLRequestSerialization.h */ = {isa = PBXFileReference; fileEncoding = 4; lastKnownFileType = sourcecode.c.h; path = AFURLRequestSerialization.h; sourceTree = "<group>"; };
		C9D847661D43D18000FFBCBC /* AFURLRequestSerialization.m */ = {isa = PBXFileReference; fileEncoding = 4; lastKnownFileType = sourcecode.c.objc; path = AFURLRequestSerialization.m; sourceTree = "<group>"; };
		C9D847671D43D18000FFBCBC /* AFURLResponseSerialization.h */ = {isa = PBXFileReference; fileEncoding = 4; lastKnownFileType = sourcecode.c.h; path = AFURLResponseSerialization.h; sourceTree = "<group>"; };
		C9D847681D43D18000FFBCBC /* AFURLResponseSerialization.m */ = {isa = PBXFileReference; fileEncoding = 4; lastKnownFileType = sourcecode.c.objc; path = AFURLResponseSerialization.m; sourceTree = "<group>"; };
		C9D847691D43D18000FFBCBC /* AFURLSessionManager.h */ = {isa = PBXFileReference; fileEncoding = 4; lastKnownFileType = sourcecode.c.h; path = AFURLSessionManager.h; sourceTree = "<group>"; };
		C9D8476A1D43D18000FFBCBC /* AFURLSessionManager.m */ = {isa = PBXFileReference; fileEncoding = 4; lastKnownFileType = sourcecode.c.objc; path = AFURLSessionManager.m; sourceTree = "<group>"; };
		C9D847721D43D21100FFBCBC /* MKAnnotationView+WebCache.h */ = {isa = PBXFileReference; fileEncoding = 4; lastKnownFileType = sourcecode.c.h; path = "MKAnnotationView+WebCache.h"; sourceTree = "<group>"; };
		C9D847731D43D21100FFBCBC /* MKAnnotationView+WebCache.m */ = {isa = PBXFileReference; fileEncoding = 4; lastKnownFileType = sourcecode.c.objc; path = "MKAnnotationView+WebCache.m"; sourceTree = "<group>"; };
		C9D847741D43D21100FFBCBC /* NSData+ImageContentType.h */ = {isa = PBXFileReference; fileEncoding = 4; lastKnownFileType = sourcecode.c.h; path = "NSData+ImageContentType.h"; sourceTree = "<group>"; };
		C9D847751D43D21100FFBCBC /* NSData+ImageContentType.m */ = {isa = PBXFileReference; fileEncoding = 4; lastKnownFileType = sourcecode.c.objc; path = "NSData+ImageContentType.m"; sourceTree = "<group>"; };
		C9D847761D43D21100FFBCBC /* SDImageCache.h */ = {isa = PBXFileReference; fileEncoding = 4; lastKnownFileType = sourcecode.c.h; path = SDImageCache.h; sourceTree = "<group>"; };
		C9D847771D43D21100FFBCBC /* SDImageCache.m */ = {isa = PBXFileReference; fileEncoding = 4; lastKnownFileType = sourcecode.c.objc; path = SDImageCache.m; sourceTree = "<group>"; };
		C9D847781D43D21100FFBCBC /* SDWebImageCompat.h */ = {isa = PBXFileReference; fileEncoding = 4; lastKnownFileType = sourcecode.c.h; path = SDWebImageCompat.h; sourceTree = "<group>"; };
		C9D847791D43D21100FFBCBC /* SDWebImageCompat.m */ = {isa = PBXFileReference; fileEncoding = 4; lastKnownFileType = sourcecode.c.objc; path = SDWebImageCompat.m; sourceTree = "<group>"; };
		C9D8477A1D43D21100FFBCBC /* SDWebImageDecoder.h */ = {isa = PBXFileReference; fileEncoding = 4; lastKnownFileType = sourcecode.c.h; path = SDWebImageDecoder.h; sourceTree = "<group>"; };
		C9D8477B1D43D21100FFBCBC /* SDWebImageDecoder.m */ = {isa = PBXFileReference; fileEncoding = 4; lastKnownFileType = sourcecode.c.objc; path = SDWebImageDecoder.m; sourceTree = "<group>"; };
		C9D8477C1D43D21100FFBCBC /* SDWebImageDownloader.h */ = {isa = PBXFileReference; fileEncoding = 4; lastKnownFileType = sourcecode.c.h; path = SDWebImageDownloader.h; sourceTree = "<group>"; };
		C9D8477D1D43D21100FFBCBC /* SDWebImageDownloader.m */ = {isa = PBXFileReference; fileEncoding = 4; lastKnownFileType = sourcecode.c.objc; path = SDWebImageDownloader.m; sourceTree = "<group>"; };
		C9D8477E1D43D21100FFBCBC /* SDWebImageDownloaderOperation.h */ = {isa = PBXFileReference; fileEncoding = 4; lastKnownFileType = sourcecode.c.h; path = SDWebImageDownloaderOperation.h; sourceTree = "<group>"; };
		C9D8477F1D43D21100FFBCBC /* SDWebImageDownloaderOperation.m */ = {isa = PBXFileReference; fileEncoding = 4; lastKnownFileType = sourcecode.c.objc; path = SDWebImageDownloaderOperation.m; sourceTree = "<group>"; };
		C9D847801D43D21100FFBCBC /* SDWebImageManager.h */ = {isa = PBXFileReference; fileEncoding = 4; lastKnownFileType = sourcecode.c.h; path = SDWebImageManager.h; sourceTree = "<group>"; };
		C9D847811D43D21100FFBCBC /* SDWebImageManager.m */ = {isa = PBXFileReference; fileEncoding = 4; lastKnownFileType = sourcecode.c.objc; path = SDWebImageManager.m; sourceTree = "<group>"; };
		C9D847821D43D21100FFBCBC /* SDWebImageOperation.h */ = {isa = PBXFileReference; fileEncoding = 4; lastKnownFileType = sourcecode.c.h; path = SDWebImageOperation.h; sourceTree = "<group>"; };
		C9D847831D43D21100FFBCBC /* SDWebImagePrefetcher.h */ = {isa = PBXFileReference; fileEncoding = 4; lastKnownFileType = sourcecode.c.h; path = SDWebImagePrefetcher.h; sourceTree = "<group>"; };
		C9D847841D43D21100FFBCBC /* SDWebImagePrefetcher.m */ = {isa = PBXFileReference; fileEncoding = 4; lastKnownFileType = sourcecode.c.objc; path = SDWebImagePrefetcher.m; sourceTree = "<group>"; };
		C9D847851D43D21100FFBCBC /* UIButton+WebCache.h */ = {isa = PBXFileReference; fileEncoding = 4; lastKnownFileType = sourcecode.c.h; path = "UIButton+WebCache.h"; sourceTree = "<group>"; };
		C9D847861D43D21100FFBCBC /* UIButton+WebCache.m */ = {isa = PBXFileReference; fileEncoding = 4; lastKnownFileType = sourcecode.c.objc; path = "UIButton+WebCache.m"; sourceTree = "<group>"; };
		C9D847871D43D21100FFBCBC /* UIImage+GIF.h */ = {isa = PBXFileReference; fileEncoding = 4; lastKnownFileType = sourcecode.c.h; path = "UIImage+GIF.h"; sourceTree = "<group>"; };
		C9D847881D43D21100FFBCBC /* UIImage+GIF.m */ = {isa = PBXFileReference; fileEncoding = 4; lastKnownFileType = sourcecode.c.objc; path = "UIImage+GIF.m"; sourceTree = "<group>"; };
		C9D847891D43D21100FFBCBC /* UIImage+MultiFormat.h */ = {isa = PBXFileReference; fileEncoding = 4; lastKnownFileType = sourcecode.c.h; path = "UIImage+MultiFormat.h"; sourceTree = "<group>"; };
		C9D8478A1D43D21100FFBCBC /* UIImage+MultiFormat.m */ = {isa = PBXFileReference; fileEncoding = 4; lastKnownFileType = sourcecode.c.objc; path = "UIImage+MultiFormat.m"; sourceTree = "<group>"; };
		C9D8478B1D43D21100FFBCBC /* UIImage+WebP.h */ = {isa = PBXFileReference; fileEncoding = 4; lastKnownFileType = sourcecode.c.h; path = "UIImage+WebP.h"; sourceTree = "<group>"; };
		C9D8478C1D43D21100FFBCBC /* UIImage+WebP.m */ = {isa = PBXFileReference; fileEncoding = 4; lastKnownFileType = sourcecode.c.objc; path = "UIImage+WebP.m"; sourceTree = "<group>"; };
		C9D8478D1D43D21100FFBCBC /* UIImageView+HighlightedWebCache.h */ = {isa = PBXFileReference; fileEncoding = 4; lastKnownFileType = sourcecode.c.h; path = "UIImageView+HighlightedWebCache.h"; sourceTree = "<group>"; };
		C9D8478E1D43D21100FFBCBC /* UIImageView+HighlightedWebCache.m */ = {isa = PBXFileReference; fileEncoding = 4; lastKnownFileType = sourcecode.c.objc; path = "UIImageView+HighlightedWebCache.m"; sourceTree = "<group>"; };
		C9D8478F1D43D21100FFBCBC /* UIImageView+WebCache.h */ = {isa = PBXFileReference; fileEncoding = 4; lastKnownFileType = sourcecode.c.h; path = "UIImageView+WebCache.h"; sourceTree = "<group>"; };
		C9D847901D43D21100FFBCBC /* UIImageView+WebCache.m */ = {isa = PBXFileReference; fileEncoding = 4; lastKnownFileType = sourcecode.c.objc; path = "UIImageView+WebCache.m"; sourceTree = "<group>"; };
		C9D847911D43D21100FFBCBC /* UIView+WebCacheOperation.h */ = {isa = PBXFileReference; fileEncoding = 4; lastKnownFileType = sourcecode.c.h; path = "UIView+WebCacheOperation.h"; sourceTree = "<group>"; };
		C9D847921D43D21100FFBCBC /* UIView+WebCacheOperation.m */ = {isa = PBXFileReference; fileEncoding = 4; lastKnownFileType = sourcecode.c.objc; path = "UIView+WebCacheOperation.m"; sourceTree = "<group>"; };
		C9D847A31D4462D800FFBCBC /* WHMeSquare.h */ = {isa = PBXFileReference; fileEncoding = 4; lastKnownFileType = sourcecode.c.h; path = WHMeSquare.h; sourceTree = "<group>"; };
		C9D847A41D4462D800FFBCBC /* WHMeSquare.m */ = {isa = PBXFileReference; fileEncoding = 4; lastKnownFileType = sourcecode.c.objc; path = WHMeSquare.m; sourceTree = "<group>"; };
		C9D847A71D44637700FFBCBC /* Info.plist */ = {isa = PBXFileReference; fileEncoding = 4; lastKnownFileType = text.plist.xml; path = Info.plist; sourceTree = "<group>"; };
		C9D847A81D44637700FFBCBC /* MJExtension.h */ = {isa = PBXFileReference; fileEncoding = 4; lastKnownFileType = sourcecode.c.h; path = MJExtension.h; sourceTree = "<group>"; };
		C9D847A91D44637700FFBCBC /* MJExtensionConst.h */ = {isa = PBXFileReference; fileEncoding = 4; lastKnownFileType = sourcecode.c.h; path = MJExtensionConst.h; sourceTree = "<group>"; };
		C9D847AA1D44637700FFBCBC /* MJExtensionConst.m */ = {isa = PBXFileReference; fileEncoding = 4; lastKnownFileType = sourcecode.c.objc; path = MJExtensionConst.m; sourceTree = "<group>"; };
		C9D847AB1D44637700FFBCBC /* MJFoundation.h */ = {isa = PBXFileReference; fileEncoding = 4; lastKnownFileType = sourcecode.c.h; path = MJFoundation.h; sourceTree = "<group>"; };
		C9D847AC1D44637700FFBCBC /* MJFoundation.m */ = {isa = PBXFileReference; fileEncoding = 4; lastKnownFileType = sourcecode.c.objc; path = MJFoundation.m; sourceTree = "<group>"; };
		C9D847AD1D44637700FFBCBC /* MJProperty.h */ = {isa = PBXFileReference; fileEncoding = 4; lastKnownFileType = sourcecode.c.h; path = MJProperty.h; sourceTree = "<group>"; };
		C9D847AE1D44637700FFBCBC /* MJProperty.m */ = {isa = PBXFileReference; fileEncoding = 4; lastKnownFileType = sourcecode.c.objc; path = MJProperty.m; sourceTree = "<group>"; };
		C9D847AF1D44637700FFBCBC /* MJPropertyKey.h */ = {isa = PBXFileReference; fileEncoding = 4; lastKnownFileType = sourcecode.c.h; path = MJPropertyKey.h; sourceTree = "<group>"; };
		C9D847B01D44637700FFBCBC /* MJPropertyKey.m */ = {isa = PBXFileReference; fileEncoding = 4; lastKnownFileType = sourcecode.c.objc; path = MJPropertyKey.m; sourceTree = "<group>"; };
		C9D847B11D44637700FFBCBC /* MJPropertyType.h */ = {isa = PBXFileReference; fileEncoding = 4; lastKnownFileType = sourcecode.c.h; path = MJPropertyType.h; sourceTree = "<group>"; };
		C9D847B21D44637700FFBCBC /* MJPropertyType.m */ = {isa = PBXFileReference; fileEncoding = 4; lastKnownFileType = sourcecode.c.objc; path = MJPropertyType.m; sourceTree = "<group>"; };
		C9D847B31D44637700FFBCBC /* NSObject+MJClass.h */ = {isa = PBXFileReference; fileEncoding = 4; lastKnownFileType = sourcecode.c.h; path = "NSObject+MJClass.h"; sourceTree = "<group>"; };
		C9D847B41D44637700FFBCBC /* NSObject+MJClass.m */ = {isa = PBXFileReference; fileEncoding = 4; lastKnownFileType = sourcecode.c.objc; path = "NSObject+MJClass.m"; sourceTree = "<group>"; };
		C9D847B51D44637700FFBCBC /* NSObject+MJCoding.h */ = {isa = PBXFileReference; fileEncoding = 4; lastKnownFileType = sourcecode.c.h; path = "NSObject+MJCoding.h"; sourceTree = "<group>"; };
		C9D847B61D44637700FFBCBC /* NSObject+MJCoding.m */ = {isa = PBXFileReference; fileEncoding = 4; lastKnownFileType = sourcecode.c.objc; path = "NSObject+MJCoding.m"; sourceTree = "<group>"; };
		C9D847B71D44637700FFBCBC /* NSObject+MJKeyValue.h */ = {isa = PBXFileReference; fileEncoding = 4; lastKnownFileType = sourcecode.c.h; path = "NSObject+MJKeyValue.h"; sourceTree = "<group>"; };
		C9D847B81D44637700FFBCBC /* NSObject+MJKeyValue.m */ = {isa = PBXFileReference; fileEncoding = 4; lastKnownFileType = sourcecode.c.objc; path = "NSObject+MJKeyValue.m"; sourceTree = "<group>"; };
		C9D847B91D44637700FFBCBC /* NSObject+MJProperty.h */ = {isa = PBXFileReference; fileEncoding = 4; lastKnownFileType = sourcecode.c.h; path = "NSObject+MJProperty.h"; sourceTree = "<group>"; };
		C9D847BA1D44637700FFBCBC /* NSObject+MJProperty.m */ = {isa = PBXFileReference; fileEncoding = 4; lastKnownFileType = sourcecode.c.objc; path = "NSObject+MJProperty.m"; sourceTree = "<group>"; };
		C9D847BB1D44637700FFBCBC /* NSString+MJExtension.h */ = {isa = PBXFileReference; fileEncoding = 4; lastKnownFileType = sourcecode.c.h; path = "NSString+MJExtension.h"; sourceTree = "<group>"; };
		C9D847BC1D44637700FFBCBC /* NSString+MJExtension.m */ = {isa = PBXFileReference; fileEncoding = 4; lastKnownFileType = sourcecode.c.objc; path = "NSString+MJExtension.m"; sourceTree = "<group>"; };
		C9D847C81D447E5A00FFBCBC /* WHMeSquareButton.h */ = {isa = PBXFileReference; fileEncoding = 4; lastKnownFileType = sourcecode.c.h; path = WHMeSquareButton.h; sourceTree = "<group>"; };
		C9D847C91D447E5A00FFBCBC /* WHMeSquareButton.m */ = {isa = PBXFileReference; fileEncoding = 4; lastKnownFileType = sourcecode.c.objc; path = WHMeSquareButton.m; sourceTree = "<group>"; };
		C9D847CE1D448ED100FFBCBC /* WHWebViewController.h */ = {isa = PBXFileReference; fileEncoding = 4; lastKnownFileType = sourcecode.c.h; path = WHWebViewController.h; sourceTree = "<group>"; };
		C9D847CF1D448ED100FFBCBC /* WHWebViewController.m */ = {isa = PBXFileReference; fileEncoding = 4; lastKnownFileType = sourcecode.c.objc; path = WHWebViewController.m; sourceTree = "<group>"; };
		C9D847D01D448ED100FFBCBC /* WHWebViewController.xib */ = {isa = PBXFileReference; fileEncoding = 4; lastKnownFileType = file.xib; path = WHWebViewController.xib; sourceTree = "<group>"; };
		C9D847D31D44A60300FFBCBC /* NSString+WHExtension.h */ = {isa = PBXFileReference; fileEncoding = 4; lastKnownFileType = sourcecode.c.h; path = "NSString+WHExtension.h"; sourceTree = "<group>"; };
		C9D847D41D44A60300FFBCBC /* NSString+WHExtension.m */ = {isa = PBXFileReference; fileEncoding = 4; lastKnownFileType = sourcecode.c.objc; path = "NSString+WHExtension.m"; sourceTree = "<group>"; };
		C9D847D61D44AE9F00FFBCBC /* WHClearCacheCell.h */ = {isa = PBXFileReference; fileEncoding = 4; lastKnownFileType = sourcecode.c.h; path = WHClearCacheCell.h; sourceTree = "<group>"; };
		C9D847D71D44AE9F00FFBCBC /* WHClearCacheCell.m */ = {isa = PBXFileReference; fileEncoding = 4; lastKnownFileType = sourcecode.c.objc; path = WHClearCacheCell.m; sourceTree = "<group>"; };
		C9D847DA1D44CD0000FFBCBC /* SVIndefiniteAnimatedView.h */ = {isa = PBXFileReference; fileEncoding = 4; lastKnownFileType = sourcecode.c.h; path = SVIndefiniteAnimatedView.h; sourceTree = "<group>"; };
		C9D847DB1D44CD0000FFBCBC /* SVIndefiniteAnimatedView.m */ = {isa = PBXFileReference; fileEncoding = 4; lastKnownFileType = sourcecode.c.objc; path = SVIndefiniteAnimatedView.m; sourceTree = "<group>"; };
		C9D847DC1D44CD0000FFBCBC /* SVProgressAnimatedView.h */ = {isa = PBXFileReference; fileEncoding = 4; lastKnownFileType = sourcecode.c.h; path = SVProgressAnimatedView.h; sourceTree = "<group>"; };
		C9D847DD1D44CD0000FFBCBC /* SVProgressAnimatedView.m */ = {isa = PBXFileReference; fileEncoding = 4; lastKnownFileType = sourcecode.c.objc; path = SVProgressAnimatedView.m; sourceTree = "<group>"; };
		C9D847DE1D44CD0000FFBCBC /* SVProgressHUD-Prefix.pch */ = {isa = PBXFileReference; fileEncoding = 4; lastKnownFileType = sourcecode.c.h; path = "SVProgressHUD-Prefix.pch"; sourceTree = "<group>"; };
		C9D847DF1D44CD0000FFBCBC /* SVProgressHUD.bundle */ = {isa = PBXFileReference; lastKnownFileType = "wrapper.plug-in"; path = SVProgressHUD.bundle; sourceTree = "<group>"; };
		C9D847E01D44CD0000FFBCBC /* SVProgressHUD.h */ = {isa = PBXFileReference; fileEncoding = 4; lastKnownFileType = sourcecode.c.h; path = SVProgressHUD.h; sourceTree = "<group>"; };
		C9D847E11D44CD0000FFBCBC /* SVProgressHUD.m */ = {isa = PBXFileReference; fileEncoding = 4; lastKnownFileType = sourcecode.c.objc; path = SVProgressHUD.m; sourceTree = "<group>"; };
		C9D847E21D44CD0000FFBCBC /* SVRadialGradientLayer.h */ = {isa = PBXFileReference; fileEncoding = 4; lastKnownFileType = sourcecode.c.h; path = SVRadialGradientLayer.h; sourceTree = "<group>"; };
		C9D847E31D44CD0000FFBCBC /* SVRadialGradientLayer.m */ = {isa = PBXFileReference; fileEncoding = 4; lastKnownFileType = sourcecode.c.objc; path = SVRadialGradientLayer.m; sourceTree = "<group>"; };
		C9D847E91D44D6F900FFBCBC /* WHSettingCell.h */ = {isa = PBXFileReference; fileEncoding = 4; lastKnownFileType = sourcecode.c.h; path = WHSettingCell.h; sourceTree = "<group>"; };
		C9D847EA1D44D6F900FFBCBC /* WHSettingCell.m */ = {isa = PBXFileReference; fileEncoding = 4; lastKnownFileType = sourcecode.c.objc; path = WHSettingCell.m; sourceTree = "<group>"; };
		C9D847EC1D451ABB00FFBCBC /* WHTitleButton.h */ = {isa = PBXFileReference; fileEncoding = 4; lastKnownFileType = sourcecode.c.h; path = WHTitleButton.h; sourceTree = "<group>"; };
		C9D847ED1D451ABB00FFBCBC /* WHTitleButton.m */ = {isa = PBXFileReference; fileEncoding = 4; lastKnownFileType = sourcecode.c.objc; path = WHTitleButton.m; sourceTree = "<group>"; };
		C9DDCAC51D328F4400004080 /* WHEssenceViewController.h */ = {isa = PBXFileReference; fileEncoding = 4; lastKnownFileType = sourcecode.c.h; path = WHEssenceViewController.h; sourceTree = "<group>"; };
		C9DDCAC61D328F4400004080 /* WHEssenceViewController.m */ = {isa = PBXFileReference; fileEncoding = 4; lastKnownFileType = sourcecode.c.objc; path = WHEssenceViewController.m; sourceTree = "<group>"; };
		C9DDCACB1D328F4400004080 /* WHFollowViewController.h */ = {isa = PBXFileReference; fileEncoding = 4; lastKnownFileType = sourcecode.c.h; path = WHFollowViewController.h; sourceTree = "<group>"; };
		C9DDCACC1D328F4400004080 /* WHFollowViewController.m */ = {isa = PBXFileReference; fileEncoding = 4; lastKnownFileType = sourcecode.c.objc; path = WHFollowViewController.m; sourceTree = "<group>"; };
		C9DDCAD11D328F4400004080 /* WHMeViewController.h */ = {isa = PBXFileReference; fileEncoding = 4; lastKnownFileType = sourcecode.c.h; path = WHMeViewController.h; sourceTree = "<group>"; };
		C9DDCAD21D328F4400004080 /* WHMeViewController.m */ = {isa = PBXFileReference; fileEncoding = 4; lastKnownFileType = sourcecode.c.objc; path = WHMeViewController.m; sourceTree = "<group>"; };
		C9DDCAD71D328F4400004080 /* WHNewViewController.h */ = {isa = PBXFileReference; fileEncoding = 4; lastKnownFileType = sourcecode.c.h; path = WHNewViewController.h; sourceTree = "<group>"; };
		C9DDCAD81D328F4400004080 /* WHNewViewController.m */ = {isa = PBXFileReference; fileEncoding = 4; lastKnownFileType = sourcecode.c.objc; path = WHNewViewController.m; sourceTree = "<group>"; };
		C9DDCADC1D328F4400004080 /* AppDelegate.h */ = {isa = PBXFileReference; fileEncoding = 4; lastKnownFileType = sourcecode.c.h; path = AppDelegate.h; sourceTree = "<group>"; };
		C9DDCADD1D328F4400004080 /* AppDelegate.m */ = {isa = PBXFileReference; fileEncoding = 4; lastKnownFileType = sourcecode.c.objc; path = AppDelegate.m; sourceTree = "<group>"; };
		C9DDCADF1D328F4400004080 /* UIView+WHExtension.h */ = {isa = PBXFileReference; fileEncoding = 4; lastKnownFileType = sourcecode.c.h; path = "UIView+WHExtension.h"; sourceTree = "<group>"; };
		C9DDCAE01D328F4400004080 /* UIView+WHExtension.m */ = {isa = PBXFileReference; fileEncoding = 4; lastKnownFileType = sourcecode.c.objc; path = "UIView+WHExtension.m"; sourceTree = "<group>"; };
		C9DDCAE21D328F4400004080 /* main.m */ = {isa = PBXFileReference; fileEncoding = 4; lastKnownFileType = sourcecode.c.objc; path = main.m; sourceTree = "<group>"; };
		C9DDCAE41D328F4400004080 /* PrefixHeader.pch */ = {isa = PBXFileReference; fileEncoding = 4; lastKnownFileType = sourcecode.c.h; path = PrefixHeader.pch; sourceTree = "<group>"; };
/* End PBXFileReference section */

/* Begin PBXFrameworksBuildPhase section */
		C99075961D2AB61100304220 /* Frameworks */ = {
			isa = PBXFrameworksBuildPhase;
			buildActionMask = 2147483647;
			files = (
			);
			runOnlyForDeploymentPostprocessing = 0;
		};
/* End PBXFrameworksBuildPhase section */

/* Begin PBXGroup section */
		C99075901D2AB61100304220 = {
			isa = PBXGroup;
			children = (
				C990759B1D2AB61100304220 /* 百思不得姐 */,
				C990759A1D2AB61100304220 /* Products */,
			);
			sourceTree = "<group>";
		};
		C990759A1D2AB61100304220 /* Products */ = {
			isa = PBXGroup;
			children = (
				C99075991D2AB61100304220 /* 百思不得姐.app */,
			);
			name = Products;
			sourceTree = "<group>";
		};
		C990759B1D2AB61100304220 /* 百思不得姐 */ = {
			isa = PBXGroup;
			children = (
				C9DDCAC21D328F4400004080 /* Classes */,
				C990759C1D2AB61100304220 /* Supporting Files */,
			);
			path = "百思不得姐";
			sourceTree = "<group>";
		};
		C990759C1D2AB61100304220 /* Supporting Files */ = {
			isa = PBXGroup;
			children = (
				C99075A51D2AB61100304220 /* Main.storyboard */,
				C99075A81D2AB61100304220 /* Assets.xcassets */,
				C99075AD1D2AB61100304220 /* Info.plist */,
			);
			name = "Supporting Files";
			sourceTree = "<group>";
		};
		C9D8475C1D43D13300FFBCBC /* Lib */ = {
			isa = PBXGroup;
			children = (
				C9D847D91D44CD0000FFBCBC /* SVProgressHUD */,
				C9D847A61D44637700FFBCBC /* MJExtension */,
				C9D847711D43D21100FFBCBC /* SDWebImage */,
				C9D8475D1D43D18000FFBCBC /* AFNetworking */,
			);
			path = Lib;
			sourceTree = SOURCE_ROOT;
		};
		C9D8475D1D43D18000FFBCBC /* AFNetworking */ = {
			isa = PBXGroup;
			children = (
				C9D8475E1D43D18000FFBCBC /* AFHTTPSessionManager.h */,
				C9D8475F1D43D18000FFBCBC /* AFHTTPSessionManager.m */,
				C9D847601D43D18000FFBCBC /* AFNetworking.h */,
				C9D847611D43D18000FFBCBC /* AFNetworkReachabilityManager.h */,
				C9D847621D43D18000FFBCBC /* AFNetworkReachabilityManager.m */,
				C9D847631D43D18000FFBCBC /* AFSecurityPolicy.h */,
				C9D847641D43D18000FFBCBC /* AFSecurityPolicy.m */,
				C9D847651D43D18000FFBCBC /* AFURLRequestSerialization.h */,
				C9D847661D43D18000FFBCBC /* AFURLRequestSerialization.m */,
				C9D847671D43D18000FFBCBC /* AFURLResponseSerialization.h */,
				C9D847681D43D18000FFBCBC /* AFURLResponseSerialization.m */,
				C9D847691D43D18000FFBCBC /* AFURLSessionManager.h */,
				C9D8476A1D43D18000FFBCBC /* AFURLSessionManager.m */,
			);
			path = AFNetworking;
			sourceTree = "<group>";
		};
		C9D847711D43D21100FFBCBC /* SDWebImage */ = {
			isa = PBXGroup;
			children = (
				C9D847721D43D21100FFBCBC /* MKAnnotationView+WebCache.h */,
				C9D847731D43D21100FFBCBC /* MKAnnotationView+WebCache.m */,
				C9D847741D43D21100FFBCBC /* NSData+ImageContentType.h */,
				C9D847751D43D21100FFBCBC /* NSData+ImageContentType.m */,
				C9D847761D43D21100FFBCBC /* SDImageCache.h */,
				C9D847771D43D21100FFBCBC /* SDImageCache.m */,
				C9D847781D43D21100FFBCBC /* SDWebImageCompat.h */,
				C9D847791D43D21100FFBCBC /* SDWebImageCompat.m */,
				C9D8477A1D43D21100FFBCBC /* SDWebImageDecoder.h */,
				C9D8477B1D43D21100FFBCBC /* SDWebImageDecoder.m */,
				C9D8477C1D43D21100FFBCBC /* SDWebImageDownloader.h */,
				C9D8477D1D43D21100FFBCBC /* SDWebImageDownloader.m */,
				C9D8477E1D43D21100FFBCBC /* SDWebImageDownloaderOperation.h */,
				C9D8477F1D43D21100FFBCBC /* SDWebImageDownloaderOperation.m */,
				C9D847801D43D21100FFBCBC /* SDWebImageManager.h */,
				C9D847811D43D21100FFBCBC /* SDWebImageManager.m */,
				C9D847821D43D21100FFBCBC /* SDWebImageOperation.h */,
				C9D847831D43D21100FFBCBC /* SDWebImagePrefetcher.h */,
				C9D847841D43D21100FFBCBC /* SDWebImagePrefetcher.m */,
				C9D847851D43D21100FFBCBC /* UIButton+WebCache.h */,
				C9D847861D43D21100FFBCBC /* UIButton+WebCache.m */,
				C9D847871D43D21100FFBCBC /* UIImage+GIF.h */,
				C9D847881D43D21100FFBCBC /* UIImage+GIF.m */,
				C9D847891D43D21100FFBCBC /* UIImage+MultiFormat.h */,
				C9D8478A1D43D21100FFBCBC /* UIImage+MultiFormat.m */,
				C9D8478B1D43D21100FFBCBC /* UIImage+WebP.h */,
				C9D8478C1D43D21100FFBCBC /* UIImage+WebP.m */,
				C9D8478D1D43D21100FFBCBC /* UIImageView+HighlightedWebCache.h */,
				C9D8478E1D43D21100FFBCBC /* UIImageView+HighlightedWebCache.m */,
				C9D8478F1D43D21100FFBCBC /* UIImageView+WebCache.h */,
				C9D847901D43D21100FFBCBC /* UIImageView+WebCache.m */,
				C9D847911D43D21100FFBCBC /* UIView+WebCacheOperation.h */,
				C9D847921D43D21100FFBCBC /* UIView+WebCacheOperation.m */,
			);
			path = SDWebImage;
			sourceTree = "<group>";
		};
		C9D847A61D44637700FFBCBC /* MJExtension */ = {
			isa = PBXGroup;
			children = (
				C9D847A71D44637700FFBCBC /* Info.plist */,
				C9D847A81D44637700FFBCBC /* MJExtension.h */,
				C9D847A91D44637700FFBCBC /* MJExtensionConst.h */,
				C9D847AA1D44637700FFBCBC /* MJExtensionConst.m */,
				C9D847AB1D44637700FFBCBC /* MJFoundation.h */,
				C9D847AC1D44637700FFBCBC /* MJFoundation.m */,
				C9D847AD1D44637700FFBCBC /* MJProperty.h */,
				C9D847AE1D44637700FFBCBC /* MJProperty.m */,
				C9D847AF1D44637700FFBCBC /* MJPropertyKey.h */,
				C9D847B01D44637700FFBCBC /* MJPropertyKey.m */,
				C9D847B11D44637700FFBCBC /* MJPropertyType.h */,
				C9D847B21D44637700FFBCBC /* MJPropertyType.m */,
				C9D847B31D44637700FFBCBC /* NSObject+MJClass.h */,
				C9D847B41D44637700FFBCBC /* NSObject+MJClass.m */,
				C9D847B51D44637700FFBCBC /* NSObject+MJCoding.h */,
				C9D847B61D44637700FFBCBC /* NSObject+MJCoding.m */,
				C9D847B71D44637700FFBCBC /* NSObject+MJKeyValue.h */,
				C9D847B81D44637700FFBCBC /* NSObject+MJKeyValue.m */,
				C9D847B91D44637700FFBCBC /* NSObject+MJProperty.h */,
				C9D847BA1D44637700FFBCBC /* NSObject+MJProperty.m */,
				C9D847BB1D44637700FFBCBC /* NSString+MJExtension.h */,
				C9D847BC1D44637700FFBCBC /* NSString+MJExtension.m */,
			);
			path = MJExtension;
			sourceTree = "<group>";
		};
		C9D847D91D44CD0000FFBCBC /* SVProgressHUD */ = {
			isa = PBXGroup;
			children = (
				C9D847DA1D44CD0000FFBCBC /* SVIndefiniteAnimatedView.h */,
				C9D847DB1D44CD0000FFBCBC /* SVIndefiniteAnimatedView.m */,
				C9D847DC1D44CD0000FFBCBC /* SVProgressAnimatedView.h */,
				C9D847DD1D44CD0000FFBCBC /* SVProgressAnimatedView.m */,
				C9D847DE1D44CD0000FFBCBC /* SVProgressHUD-Prefix.pch */,
				C9D847DF1D44CD0000FFBCBC /* SVProgressHUD.bundle */,
				C9D847E01D44CD0000FFBCBC /* SVProgressHUD.h */,
				C9D847E11D44CD0000FFBCBC /* SVProgressHUD.m */,
				C9D847E21D44CD0000FFBCBC /* SVRadialGradientLayer.h */,
				C9D847E31D44CD0000FFBCBC /* SVRadialGradientLayer.m */,
			);
			path = SVProgressHUD;
			sourceTree = "<group>";
		};
		C9DDCAC21D328F4400004080 /* Classes */ = {
			isa = PBXGroup;
			children = (
				C9D8475C1D43D13300FFBCBC /* Lib */,
				C9DDCAC31D328F4400004080 /* Essence */,
				C9DDCAD51D328F4400004080 /* New */,
				C9DDCAC91D328F4400004080 /* Follow */,
				C9DDCACF1D328F4400004080 /* Me */,
				C9DDCADB1D328F4400004080 /* Other */,
			);
			path = Classes;
			sourceTree = "<group>";
		};
		C9DDCAC31D328F4400004080 /* Essence */ = {
			isa = PBXGroup;
			children = (
				C9DDCAC41D328F4400004080 /* Controller */,
				C9DDCAC71D328F4400004080 /* Model */,
				C9DDCAC81D328F4400004080 /* View */,
			);
			path = Essence;
			sourceTree = "<group>";
		};
		C9DDCAC41D328F4400004080 /* Controller */ = {
			isa = PBXGroup;
			children = (
				C9DDCAC51D328F4400004080 /* WHEssenceViewController.h */,
				C9DDCAC61D328F4400004080 /* WHEssenceViewController.m */,
				303B9BE31D45FC9200A235DC /* WHAllViewController.h */,
				303B9BE41D45FC9200A235DC /* WHAllViewController.m */,
				303B9BE61D45FCA400A235DC /* WHVideoViewController.h */,
				303B9BE71D45FCA400A235DC /* WHVideoViewController.m */,
				303B9BE91D45FCBF00A235DC /* WHVoiceViewController.h */,
				303B9BEA1D45FCBF00A235DC /* WHVoiceViewController.m */,
				303B9BEC1D45FCD200A235DC /* WHPictureViewController.h */,
				303B9BED1D45FCD200A235DC /* WHPictureViewController.m */,
				303B9BEF1D45FCDD00A235DC /* WHWordViewController.h */,
				303B9BF01D45FCDD00A235DC /* WHWordViewController.m */,
			);
			path = Controller;
			sourceTree = "<group>";
		};
		C9DDCAC71D328F4400004080 /* Model */ = {
			isa = PBXGroup;
			children = (
				303B9BF21D461D5F00A235DC /* WHTopic.h */,
				303B9BF31D461D5F00A235DC /* WHTopic.m */,
			);
			path = Model;
			sourceTree = "<group>";
		};
		C9DDCAC81D328F4400004080 /* View */ = {
			isa = PBXGroup;
			children = (
				C9D847EC1D451ABB00FFBCBC /* WHTitleButton.h */,
				C9D847ED1D451ABB00FFBCBC /* WHTitleButton.m */,
			);
			path = View;
			sourceTree = "<group>";
		};
		C9DDCAC91D328F4400004080 /* Follow */ = {
			isa = PBXGroup;
			children = (
				C9DDCACA1D328F4400004080 /* Controller */,
				C9DDCACD1D328F4400004080 /* Model */,
				C9DDCACE1D328F4400004080 /* View */,
			);
			path = Follow;
			sourceTree = "<group>";
		};
		C9DDCACA1D328F4400004080 /* Controller */ = {
			isa = PBXGroup;
			children = (
				C9DDCACB1D328F4400004080 /* WHFollowViewController.h */,
				C9DDCACC1D328F4400004080 /* WHFollowViewController.m */,
				C921F35A1D39FB2F00BAFB3C /* WHFollowViewController.xib */,
				C921F34B1D35431100BAFB3C /* WHRecommendFollowViewController.h */,
				C921F34C1D35431100BAFB3C /* WHRecommendFollowViewController.m */,
			);
			path = Controller;
			sourceTree = "<group>";
		};
		C9DDCACD1D328F4400004080 /* Model */ = {
			isa = PBXGroup;
			children = (
			);
			path = Model;
			sourceTree = "<group>";
		};
		C9DDCACE1D328F4400004080 /* View */ = {
			isa = PBXGroup;
			children = (
			);
			path = View;
			sourceTree = "<group>";
		};
		C9DDCACF1D328F4400004080 /* Me */ = {
			isa = PBXGroup;
			children = (
				C9DDCAD01D328F4400004080 /* Controller */,
				C9DDCAD31D328F4400004080 /* Model */,
				C9DDCAD41D328F4400004080 /* View */,
			);
			path = Me;
			sourceTree = "<group>";
		};
		C9DDCAD01D328F4400004080 /* Controller */ = {
			isa = PBXGroup;
			children = (
				C9DDCAD11D328F4400004080 /* WHMeViewController.h */,
				C9DDCAD21D328F4400004080 /* WHMeViewController.m */,
				C921F34E1D3547D500BAFB3C /* WHSettingViewController.h */,
				C921F34F1D3547D500BAFB3C /* WHSettingViewController.m */,
				C9D847CE1D448ED100FFBCBC /* WHWebViewController.h */,
				C9D847CF1D448ED100FFBCBC /* WHWebViewController.m */,
				C9D847D01D448ED100FFBCBC /* WHWebViewController.xib */,
			);
			path = Controller;
			sourceTree = "<group>";
		};
		C9DDCAD31D328F4400004080 /* Model */ = {
			isa = PBXGroup;
			children = (
				C9D847A31D4462D800FFBCBC /* WHMeSquare.h */,
				C9D847A41D4462D800FFBCBC /* WHMeSquare.m */,
			);
			path = Model;
			sourceTree = "<group>";
		};
		C9DDCAD41D328F4400004080 /* View */ = {
			isa = PBXGroup;
			children = (
				C9254C201D43274A0047D8AE /* WHMeCell.h */,
				C9254C211D43274A0047D8AE /* WHMeCell.m */,
				C9254C261D43CC8D0047D8AE /* WHMeFootView.h */,
				C9254C271D43CC8D0047D8AE /* WHMeFootView.m */,
				C9D847C81D447E5A00FFBCBC /* WHMeSquareButton.h */,
				C9D847C91D447E5A00FFBCBC /* WHMeSquareButton.m */,
				C9D847D61D44AE9F00FFBCBC /* WHClearCacheCell.h */,
				C9D847D71D44AE9F00FFBCBC /* WHClearCacheCell.m */,
				C9D847E91D44D6F900FFBCBC /* WHSettingCell.h */,
				C9D847EA1D44D6F900FFBCBC /* WHSettingCell.m */,
			);
			path = View;
			sourceTree = "<group>";
		};
		C9DDCAD51D328F4400004080 /* New */ = {
			isa = PBXGroup;
			children = (
				C9DDCAD61D328F4400004080 /* Controller */,
				C9DDCAD91D328F4400004080 /* Model */,
				C9DDCADA1D328F4400004080 /* View */,
			);
			path = New;
			sourceTree = "<group>";
		};
		C9DDCAD61D328F4400004080 /* Controller */ = {
			isa = PBXGroup;
			children = (
				C9DDCAD71D328F4400004080 /* WHNewViewController.h */,
				C9DDCAD81D328F4400004080 /* WHNewViewController.m */,
			);
			path = Controller;
			sourceTree = "<group>";
		};
		C9DDCAD91D328F4400004080 /* Model */ = {
			isa = PBXGroup;
			children = (
			);
			path = Model;
			sourceTree = "<group>";
		};
		C9DDCADA1D328F4400004080 /* View */ = {
			isa = PBXGroup;
			children = (
			);
			path = View;
			sourceTree = "<group>";
		};
		C9DDCADB1D328F4400004080 /* Other */ = {
			isa = PBXGroup;
			children = (
				C9DDCAE31D328F4400004080 /* Model */,
				C9DDCAE11D328F4400004080 /* Controller */,
				C9DDCADE1D328F4400004080 /* Category */,
				C9DDCAE51D328F4400004080 /* View */,
				C9DDCADC1D328F4400004080 /* AppDelegate.h */,
				C9DDCADD1D328F4400004080 /* AppDelegate.m */,
				C9DDCAE21D328F4400004080 /* main.m */,
				C9DDCAE41D328F4400004080 /* PrefixHeader.pch */,
				C9254C231D4328020047D8AE /* WHConst.h */,
				C9254C241D4328020047D8AE /* WHConst.m */,
			);
			path = Other;
			sourceTree = "<group>";
		};
		C9DDCADE1D328F4400004080 /* Category */ = {
			isa = PBXGroup;
			children = (
				C9DDCADF1D328F4400004080 /* UIView+WHExtension.h */,
				C9DDCAE01D328F4400004080 /* UIView+WHExtension.m */,
				C921F3481D35401600BAFB3C /* UIBarButtonItem+WHExtension.h */,
				C921F3491D35401600BAFB3C /* UIBarButtonItem+WHExtension.m */,
				305713A51D421E64000ECA6B /* UITextField+WHExtension.h */,
				305713A61D421E64000ECA6B /* UITextField+WHExtension.m */,
				C9D847D31D44A60300FFBCBC /* NSString+WHExtension.h */,
				C9D847D41D44A60300FFBCBC /* NSString+WHExtension.m */,
			);
			path = Category;
			sourceTree = "<group>";
		};
		C9DDCAE11D328F4400004080 /* Controller */ = {
			isa = PBXGroup;
			children = (
				C921F3611D3A180800BAFB3C /* WHLoginRegisterViewController.h */,
				C921F3621D3A180800BAFB3C /* WHLoginRegisterViewController.m */,
				C921F3631D3A180800BAFB3C /* WHLoginRegisterViewController.xib */,
				C921F3531D35A07900BAFB3C /* WHTabBarViewController.h */,
				C921F3541D35A07900BAFB3C /* WHTabBarViewController.m */,
				C921F3571D35A09600BAFB3C /* WHNavigationController.h */,
				C921F3581D35A09600BAFB3C /* WHNavigationController.m */,
			);
			path = Controller;
			sourceTree = "<group>";
		};
		C9DDCAE31D328F4400004080 /* Model */ = {
			isa = PBXGroup;
			children = (
			);
			path = Model;
			sourceTree = "<group>";
		};
		C9DDCAE51D328F4400004080 /* View */ = {
			isa = PBXGroup;
			children = (
				C921F3661D3A181600BAFB3C /* WHTabBar.h */,
				C921F3671D3A181600BAFB3C /* WHTabBar.m */,
				C921F3691D3A185200BAFB3C /* WHQuickLoginButton.h */,
				C921F36A1D3A185200BAFB3C /* WHQuickLoginButton.m */,
				C921F36C1D3B733900BAFB3C /* WHLoginRegisterTextField.h */,
				C921F36D1D3B733900BAFB3C /* WHLoginRegisterTextField.m */,
			);
			path = View;
			sourceTree = "<group>";
		};
/* End PBXGroup section */

/* Begin PBXNativeTarget section */
		C99075981D2AB61100304220 /* 百思不得姐 */ = {
			isa = PBXNativeTarget;
			buildConfigurationList = C99075B01D2AB61100304220 /* Build configuration list for PBXNativeTarget "百思不得姐" */;
			buildPhases = (
				C99075951D2AB61100304220 /* Sources */,
				C99075961D2AB61100304220 /* Frameworks */,
				C99075971D2AB61100304220 /* Resources */,
			);
			buildRules = (
			);
			dependencies = (
			);
			name = "百思不得姐";
			productName = "百思不得姐";
			productReference = C99075991D2AB61100304220 /* 百思不得姐.app */;
			productType = "com.apple.product-type.application";
		};
/* End PBXNativeTarget section */

/* Begin PBXProject section */
		C99075911D2AB61100304220 /* Project object */ = {
			isa = PBXProject;
			attributes = {
				CLASSPREFIX = WH;
				LastUpgradeCheck = 0730;
				ORGANIZATIONNAME = XWH;
				TargetAttributes = {
					C99075981D2AB61100304220 = {
						CreatedOnToolsVersion = 7.3;
					};
				};
			};
			buildConfigurationList = C99075941D2AB61100304220 /* Build configuration list for PBXProject "百思不得姐" */;
			compatibilityVersion = "Xcode 3.2";
			developmentRegion = English;
			hasScannedForEncodings = 0;
			knownRegions = (
				en,
				Base,
			);
			mainGroup = C99075901D2AB61100304220;
			productRefGroup = C990759A1D2AB61100304220 /* Products */;
			projectDirPath = "";
			projectRoot = "";
			targets = (
				C99075981D2AB61100304220 /* 百思不得姐 */,
			);
		};
/* End PBXProject section */

/* Begin PBXResourcesBuildPhase section */
		C99075971D2AB61100304220 /* Resources */ = {
			isa = PBXResourcesBuildPhase;
			buildActionMask = 2147483647;
			files = (
				C9D847E61D44CD0000FFBCBC /* SVProgressHUD.bundle in Resources */,
				C921F35B1D39FB2F00BAFB3C /* WHFollowViewController.xib in Resources */,
				C99075A91D2AB61100304220 /* Assets.xcassets in Resources */,
				C921F3651D3A180800BAFB3C /* WHLoginRegisterViewController.xib in Resources */,
				C9D847BD1D44637700FFBCBC /* Info.plist in Resources */,
				C9D847D21D448ED100FFBCBC /* WHWebViewController.xib in Resources */,
				C99075A71D2AB61100304220 /* Main.storyboard in Resources */,
			);
			runOnlyForDeploymentPostprocessing = 0;
		};
/* End PBXResourcesBuildPhase section */

/* Begin PBXSourcesBuildPhase section */
		C99075951D2AB61100304220 /* Sources */ = {
			isa = PBXSourcesBuildPhase;
			buildActionMask = 2147483647;
			files = (
				C9D847D51D44A60300FFBCBC /* NSString+WHExtension.m in Sources */,
				C9D847BE1D44637700FFBCBC /* MJExtensionConst.m in Sources */,
				C9D847991D43D21100FFBCBC /* SDWebImageDownloaderOperation.m in Sources */,
				303B9BEE1D45FCD200A235DC /* WHPictureViewController.m in Sources */,
				C9D8479F1D43D21100FFBCBC /* UIImage+WebP.m in Sources */,
				C9D847BF1D44637700FFBCBC /* MJFoundation.m in Sources */,
				C9D847E81D44CD0000FFBCBC /* SVRadialGradientLayer.m in Sources */,
				C9D8479B1D43D21100FFBCBC /* SDWebImagePrefetcher.m in Sources */,
				C9254C251D4328020047D8AE /* WHConst.m in Sources */,
				C9D847951D43D21100FFBCBC /* SDImageCache.m in Sources */,
				C9D847C51D44637700FFBCBC /* NSObject+MJKeyValue.m in Sources */,
				303B9BF11D45FCDD00A235DC /* WHWordViewController.m in Sources */,
				C9D847C11D44637700FFBCBC /* MJPropertyKey.m in Sources */,
				C9D8479A1D43D21100FFBCBC /* SDWebImageManager.m in Sources */,
				303B9BEB1D45FCBF00A235DC /* WHVoiceViewController.m in Sources */,
				C9D847C21D44637700FFBCBC /* MJPropertyType.m in Sources */,
				C9254C281D43CC8D0047D8AE /* WHMeFootView.m in Sources */,
				C9D8476D1D43D18000FFBCBC /* AFSecurityPolicy.m in Sources */,
				C9D847C31D44637700FFBCBC /* NSObject+MJClass.m in Sources */,
				305713A71D421E64000ECA6B /* UITextField+WHExtension.m in Sources */,
				C9D847C41D44637700FFBCBC /* NSObject+MJCoding.m in Sources */,
				C9D847E71D44CD0000FFBCBC /* SVProgressHUD.m in Sources */,
				C921F36B1D3A185200BAFB3C /* WHQuickLoginButton.m in Sources */,
				C9D847A21D43D21100FFBCBC /* UIView+WebCacheOperation.m in Sources */,
				C921F3591D35A09600BAFB3C /* WHNavigationController.m in Sources */,
				C9D847961D43D21100FFBCBC /* SDWebImageCompat.m in Sources */,
				C9DDCAED1D328F4400004080 /* WHNewViewController.m in Sources */,
				C921F34A1D35401600BAFB3C /* UIBarButtonItem+WHExtension.m in Sources */,
				C9D847C01D44637700FFBCBC /* MJProperty.m in Sources */,
				C9D847971D43D21100FFBCBC /* SDWebImageDecoder.m in Sources */,
				C9DDCAEB1D328F4400004080 /* WHFollowViewController.m in Sources */,
				C9D847A51D4462D800FFBCBC /* WHMeSquare.m in Sources */,
				C9254C221D43274A0047D8AE /* WHMeCell.m in Sources */,
				C921F3641D3A180800BAFB3C /* WHLoginRegisterViewController.m in Sources */,
				C9D847A01D43D21100FFBCBC /* UIImageView+HighlightedWebCache.m in Sources */,
				C9D847D81D44AE9F00FFBCBC /* WHClearCacheCell.m in Sources */,
				C9D847701D43D18000FFBCBC /* AFURLSessionManager.m in Sources */,
				C921F34D1D35431100BAFB3C /* WHRecommendFollowViewController.m in Sources */,
				C9D847C71D44637700FFBCBC /* NSString+MJExtension.m in Sources */,
				C9D847EE1D451ABB00FFBCBC /* WHTitleButton.m in Sources */,
				C9DDCAEA1D328F4400004080 /* WHEssenceViewController.m in Sources */,
				C9D8476B1D43D18000FFBCBC /* AFHTTPSessionManager.m in Sources */,
				303B9BE81D45FCA400A235DC /* WHVideoViewController.m in Sources */,
				303B9BE51D45FC9200A235DC /* WHAllViewController.m in Sources */,
				C9D8476F1D43D18000FFBCBC /* AFURLResponseSerialization.m in Sources */,
				C9D8479E1D43D21100FFBCBC /* UIImage+MultiFormat.m in Sources */,
				C9DDCAEF1D328F4400004080 /* UIView+WHExtension.m in Sources */,
				C9D847EB1D44D6F900FFBCBC /* WHSettingCell.m in Sources */,
				C9D847931D43D21100FFBCBC /* MKAnnotationView+WebCache.m in Sources */,
				303B9BF41D461D5F00A235DC /* WHTopic.m in Sources */,
				C9D847941D43D21100FFBCBC /* NSData+ImageContentType.m in Sources */,
				C9D847E41D44CD0000FFBCBC /* SVIndefiniteAnimatedView.m in Sources */,
				C9D8479C1D43D21100FFBCBC /* UIButton+WebCache.m in Sources */,
				C9D847A11D43D21100FFBCBC /* UIImageView+WebCache.m in Sources */,
				C9D847E51D44CD0000FFBCBC /* SVProgressAnimatedView.m in Sources */,
				C9D8476E1D43D18000FFBCBC /* AFURLRequestSerialization.m in Sources */,
				C921F3561D35A07900BAFB3C /* WHTabBarViewController.m in Sources */,
				C9D8479D1D43D21100FFBCBC /* UIImage+GIF.m in Sources */,
				C9D847D11D448ED100FFBCBC /* WHWebViewController.m in Sources */,
				C9D847C61D44637700FFBCBC /* NSObject+MJProperty.m in Sources */,
				C9D847981D43D21100FFBCBC /* SDWebImageDownloader.m in Sources */,
				C9DDCAEC1D328F4400004080 /* WHMeViewController.m in Sources */,
				C9DDCAF01D328F4400004080 /* main.m in Sources */,
				C921F3681D3A181600BAFB3C /* WHTabBar.m in Sources */,
				C9DDCAEE1D328F4400004080 /* AppDelegate.m in Sources */,
				C921F3501D3547D500BAFB3C /* WHSettingViewController.m in Sources */,
				C9D847CA1D447E5A00FFBCBC /* WHMeSquareButton.m in Sources */,
				C9D8476C1D43D18000FFBCBC /* AFNetworkReachabilityManager.m in Sources */,
				C921F36E1D3B733900BAFB3C /* WHLoginRegisterTextField.m in Sources */,
			);
			runOnlyForDeploymentPostprocessing = 0;
		};
/* End PBXSourcesBuildPhase section */

/* Begin PBXVariantGroup section */
		C99075A51D2AB61100304220 /* Main.storyboard */ = {
			isa = PBXVariantGroup;
			children = (
				C99075A61D2AB61100304220 /* Base */,
			);
			name = Main.storyboard;
			sourceTree = "<group>";
		};
/* End PBXVariantGroup section */

/* Begin XCBuildConfiguration section */
		C99075AE1D2AB61100304220 /* Debug */ = {
			isa = XCBuildConfiguration;
			buildSettings = {
				ALWAYS_SEARCH_USER_PATHS = NO;
				CLANG_ANALYZER_NONNULL = YES;
				CLANG_CXX_LANGUAGE_STANDARD = "gnu++0x";
				CLANG_CXX_LIBRARY = "libc++";
				CLANG_ENABLE_MODULES = YES;
				CLANG_ENABLE_OBJC_ARC = YES;
				CLANG_WARN_BOOL_CONVERSION = YES;
				CLANG_WARN_CONSTANT_CONVERSION = YES;
				CLANG_WARN_DIRECT_OBJC_ISA_USAGE = YES_ERROR;
				CLANG_WARN_EMPTY_BODY = YES;
				CLANG_WARN_ENUM_CONVERSION = YES;
				CLANG_WARN_INT_CONVERSION = YES;
				CLANG_WARN_OBJC_ROOT_CLASS = YES_ERROR;
				CLANG_WARN_UNREACHABLE_CODE = YES;
				CLANG_WARN__DUPLICATE_METHOD_MATCH = YES;
				"CODE_SIGN_IDENTITY[sdk=iphoneos*]" = "iPhone Developer";
				COPY_PHASE_STRIP = NO;
				DEBUG_INFORMATION_FORMAT = dwarf;
				ENABLE_STRICT_OBJC_MSGSEND = YES;
				ENABLE_TESTABILITY = YES;
				GCC_C_LANGUAGE_STANDARD = gnu99;
				GCC_DYNAMIC_NO_PIC = NO;
				GCC_NO_COMMON_BLOCKS = YES;
				GCC_OPTIMIZATION_LEVEL = 0;
				GCC_PREPROCESSOR_DEFINITIONS = (
					"DEBUG=1",
					"$(inherited)",
				);
				GCC_WARN_64_TO_32_BIT_CONVERSION = YES;
				GCC_WARN_ABOUT_RETURN_TYPE = YES_ERROR;
				GCC_WARN_UNDECLARED_SELECTOR = YES;
				GCC_WARN_UNINITIALIZED_AUTOS = YES_AGGRESSIVE;
				GCC_WARN_UNUSED_FUNCTION = YES;
				GCC_WARN_UNUSED_VARIABLE = YES;
				IPHONEOS_DEPLOYMENT_TARGET = 9.3;
				MTL_ENABLE_DEBUG_INFO = YES;
				ONLY_ACTIVE_ARCH = YES;
				SDKROOT = iphoneos;
				TARGETED_DEVICE_FAMILY = "1,2";
			};
			name = Debug;
		};
		C99075AF1D2AB61100304220 /* Release */ = {
			isa = XCBuildConfiguration;
			buildSettings = {
				ALWAYS_SEARCH_USER_PATHS = NO;
				CLANG_ANALYZER_NONNULL = YES;
				CLANG_CXX_LANGUAGE_STANDARD = "gnu++0x";
				CLANG_CXX_LIBRARY = "libc++";
				CLANG_ENABLE_MODULES = YES;
				CLANG_ENABLE_OBJC_ARC = YES;
				CLANG_WARN_BOOL_CONVERSION = YES;
				CLANG_WARN_CONSTANT_CONVERSION = YES;
				CLANG_WARN_DIRECT_OBJC_ISA_USAGE = YES_ERROR;
				CLANG_WARN_EMPTY_BODY = YES;
				CLANG_WARN_ENUM_CONVERSION = YES;
				CLANG_WARN_INT_CONVERSION = YES;
				CLANG_WARN_OBJC_ROOT_CLASS = YES_ERROR;
				CLANG_WARN_UNREACHABLE_CODE = YES;
				CLANG_WARN__DUPLICATE_METHOD_MATCH = YES;
				"CODE_SIGN_IDENTITY[sdk=iphoneos*]" = "iPhone Developer";
				COPY_PHASE_STRIP = NO;
				DEBUG_INFORMATION_FORMAT = "dwarf-with-dsym";
				ENABLE_NS_ASSERTIONS = NO;
				ENABLE_STRICT_OBJC_MSGSEND = YES;
				GCC_C_LANGUAGE_STANDARD = gnu99;
				GCC_NO_COMMON_BLOCKS = YES;
				GCC_WARN_64_TO_32_BIT_CONVERSION = YES;
				GCC_WARN_ABOUT_RETURN_TYPE = YES_ERROR;
				GCC_WARN_UNDECLARED_SELECTOR = YES;
				GCC_WARN_UNINITIALIZED_AUTOS = YES_AGGRESSIVE;
				GCC_WARN_UNUSED_FUNCTION = YES;
				GCC_WARN_UNUSED_VARIABLE = YES;
				IPHONEOS_DEPLOYMENT_TARGET = 9.3;
				MTL_ENABLE_DEBUG_INFO = NO;
				SDKROOT = iphoneos;
				TARGETED_DEVICE_FAMILY = "1,2";
				VALIDATE_PRODUCT = YES;
			};
			name = Release;
		};
		C99075B11D2AB61100304220 /* Debug */ = {
			isa = XCBuildConfiguration;
			buildSettings = {
				ASSETCATALOG_COMPILER_APPICON_NAME = AppIcon;
				ASSETCATALOG_COMPILER_LAUNCHIMAGE_NAME = "Brand Assets";
				GCC_PREFIX_HEADER = "../百思不得姐/百思不得姐/Classes/Other/PrefixHeader.pch";
				INFOPLIST_FILE = "百思不得姐/Info.plist";
				IPHONEOS_DEPLOYMENT_TARGET = 8.0;
				LD_RUNPATH_SEARCH_PATHS = "$(inherited) @executable_path/Frameworks";
				PRODUCT_BUNDLE_IDENTIFIER = "com.1019459067.-----";
				PRODUCT_NAME = "$(TARGET_NAME)";
				TARGETED_DEVICE_FAMILY = 1;
			};
			name = Debug;
		};
		C99075B21D2AB61100304220 /* Release */ = {
			isa = XCBuildConfiguration;
			buildSettings = {
				ASSETCATALOG_COMPILER_APPICON_NAME = AppIcon;
				ASSETCATALOG_COMPILER_LAUNCHIMAGE_NAME = "Brand Assets";
				GCC_PREFIX_HEADER = "../百思不得姐/百思不得姐/Classes/Other/PrefixHeader.pch";
				INFOPLIST_FILE = "百思不得姐/Info.plist";
				IPHONEOS_DEPLOYMENT_TARGET = 8.0;
				LD_RUNPATH_SEARCH_PATHS = "$(inherited) @executable_path/Frameworks";
				PRODUCT_BUNDLE_IDENTIFIER = "com.1019459067.-----";
				PRODUCT_NAME = "$(TARGET_NAME)";
				TARGETED_DEVICE_FAMILY = 1;
			};
			name = Release;
		};
/* End XCBuildConfiguration section */

/* Begin XCConfigurationList section */
		C99075941D2AB61100304220 /* Build configuration list for PBXProject "百思不得姐" */ = {
			isa = XCConfigurationList;
			buildConfigurations = (
				C99075AE1D2AB61100304220 /* Debug */,
				C99075AF1D2AB61100304220 /* Release */,
			);
			defaultConfigurationIsVisible = 0;
			defaultConfigurationName = Release;
		};
		C99075B01D2AB61100304220 /* Build configuration list for PBXNativeTarget "百思不得姐" */ = {
			isa = XCConfigurationList;
			buildConfigurations = (
				C99075B11D2AB61100304220 /* Debug */,
				C99075B21D2AB61100304220 /* Release */,
			);
			defaultConfigurationIsVisible = 0;
			defaultConfigurationName = Release;
		};
/* End XCConfigurationList section */
	};
	rootObject = C99075911D2AB61100304220 /* Project object */;
}
