// !$*UTF8*$!
{
	archiveVersion = 1;
	classes = {
	};
	objectVersion = 46;
	objects = {

/* Begin PBXBuildFile section */
		C921F3471D35356900BAFB3C /* WHItemManager.m in Sources */ = {isa = PBXBuildFile; fileRef = C921F3461D35356900BAFB3C /* WHItemManager.m */; };
		C921F34A1D35401600BAFB3C /* UIBarButtonItem+WHExtension.m in Sources */ = {isa = PBXBuildFile; fileRef = C921F3491D35401600BAFB3C /* UIBarButtonItem+WHExtension.m */; };
		C99075A71D2AB61100304220 /* Main.storyboard in Resources */ = {isa = PBXBuildFile; fileRef = C99075A51D2AB61100304220 /* Main.storyboard */; };
		C99075A91D2AB61100304220 /* Assets.xcassets in Resources */ = {isa = PBXBuildFile; fileRef = C99075A81D2AB61100304220 /* Assets.xcassets */; };
		C9DDCAEA1D328F4400004080 /* WHEssenceViewController.m in Sources */ = {isa = PBXBuildFile; fileRef = C9DDCAC61D328F4400004080 /* WHEssenceViewController.m */; };
		C9DDCAEB1D328F4400004080 /* WHFollowViewController.m in Sources */ = {isa = PBXBuildFile; fileRef = C9DDCACC1D328F4400004080 /* WHFollowViewController.m */; };
		C9DDCAEC1D328F4400004080 /* WHMeViewController.m in Sources */ = {isa = PBXBuildFile; fileRef = C9DDCAD21D328F4400004080 /* WHMeViewController.m */; };
		C9DDCAED1D328F4400004080 /* WHNewViewController.m in Sources */ = {isa = PBXBuildFile; fileRef = C9DDCAD81D328F4400004080 /* WHNewViewController.m */; };
		C9DDCAEE1D328F4400004080 /* AppDelegate.m in Sources */ = {isa = PBXBuildFile; fileRef = C9DDCADD1D328F4400004080 /* AppDelegate.m */; };
		C9DDCAEF1D328F4400004080 /* UIView+WHExtension.m in Sources */ = {isa = PBXBuildFile; fileRef = C9DDCAE01D328F4400004080 /* UIView+WHExtension.m */; };
		C9DDCAF01D328F4400004080 /* main.m in Sources */ = {isa = PBXBuildFile; fileRef = C9DDCAE21D328F4400004080 /* main.m */; };
		C9DDCAF11D328F4400004080 /* WHTabBar.m in Sources */ = {isa = PBXBuildFile; fileRef = C9DDCAE71D328F4400004080 /* WHTabBar.m */; };
		C9DDCAF21D328F4400004080 /* WHTabBarViewController.m in Sources */ = {isa = PBXBuildFile; fileRef = C9DDCAE91D328F4400004080 /* WHTabBarViewController.m */; };
/* End PBXBuildFile section */

/* Begin PBXFileReference section */
		C921F3451D35356900BAFB3C /* WHItemManager.h */ = {isa = PBXFileReference; fileEncoding = 4; lastKnownFileType = sourcecode.c.h; path = WHItemManager.h; sourceTree = "<group>"; };
		C921F3461D35356900BAFB3C /* WHItemManager.m */ = {isa = PBXFileReference; fileEncoding = 4; lastKnownFileType = sourcecode.c.objc; path = WHItemManager.m; sourceTree = "<group>"; };
		C921F3481D35401600BAFB3C /* UIBarButtonItem+WHExtension.h */ = {isa = PBXFileReference; fileEncoding = 4; lastKnownFileType = sourcecode.c.h; path = "UIBarButtonItem+WHExtension.h"; sourceTree = "<group>"; };
		C921F3491D35401600BAFB3C /* UIBarButtonItem+WHExtension.m */ = {isa = PBXFileReference; fileEncoding = 4; lastKnownFileType = sourcecode.c.objc; path = "UIBarButtonItem+WHExtension.m"; sourceTree = "<group>"; };
		C99075991D2AB61100304220 /* 百思不得姐.app */ = {isa = PBXFileReference; explicitFileType = wrapper.application; includeInIndex = 0; path = "百思不得姐.app"; sourceTree = BUILT_PRODUCTS_DIR; };
		C99075A61D2AB61100304220 /* Base */ = {isa = PBXFileReference; lastKnownFileType = file.storyboard; name = Base; path = Base.lproj/Main.storyboard; sourceTree = "<group>"; };
		C99075A81D2AB61100304220 /* Assets.xcassets */ = {isa = PBXFileReference; lastKnownFileType = folder.assetcatalog; path = Assets.xcassets; sourceTree = "<group>"; };
		C99075AD1D2AB61100304220 /* Info.plist */ = {isa = PBXFileReference; lastKnownFileType = text.plist.xml; path = Info.plist; sourceTree = "<group>"; };
		C9DDCAC51D328F4400004080 /* WHEssenceViewController.h */ = {isa = PBXFileReference; fileEncoding = 4; lastKnownFileType = sourcecode.c.h; path = WHEssenceViewController.h; sourceTree = "<group>"; };
		C9DDCAC61D328F4400004080 /* WHEssenceViewController.m */ = {isa = PBXFileReference; fileEncoding = 4; lastKnownFileType = sourcecode.c.objc; path = WHEssenceViewController.m; sourceTree = "<group>"; };
		C9DDCACB1D328F4400004080 /* WHFollowViewController.h */ = {isa = PBXFileReference; fileEncoding = 4; lastKnownFileType = sourcecode.c.h; path = WHFollowViewController.h; sourceTree = "<group>"; };
		C9DDCACC1D328F4400004080 /* WHFollowViewController.m */ = {isa = PBXFileReference; fileEncoding = 4; lastKnownFileType = sourcecode.c.objc; path = WHFollowViewController.m; sourceTree = "<group>"; };
		C9DDCAD11D328F4400004080 /* WHMeViewController.h */ = {isa = PBXFileReference; fileEncoding = 4; lastKnownFileType = sourcecode.c.h; path = WHMeViewController.h; sourceTree = "<group>"; };
		C9DDCAD21D328F4400004080 /* WHMeViewController.m */ = {isa = PBXFileReference; fileEncoding = 4; lastKnownFileType = sourcecode.c.objc; path = WHMeViewController.m; sourceTree = "<group>"; };
		C9DDCAD71D328F4400004080 /* WHNewViewController.h */ = {isa = PBXFileReference; fileEncoding = 4; lastKnownFileType = sourcecode.c.h; path = WHNewViewController.h; sourceTree = "<group>"; };
		C9DDCAD81D328F4400004080 /* WHNewViewController.m */ = {isa = PBXFileReference; fileEncoding = 4; lastKnownFileType = sourcecode.c.objc; path = WHNewViewController.m; sourceTree = "<group>"; };
		C9DDCADC1D328F4400004080 /* AppDelegate.h */ = {isa = PBXFileReference; fileEncoding = 4; lastKnownFileType = sourcecode.c.h; path = AppDelegate.h; sourceTree = "<group>"; };
		C9DDCADD1D328F4400004080 /* AppDelegate.m */ = {isa = PBXFileReference; fileEncoding = 4; lastKnownFileType = sourcecode.c.objc; path = AppDelegate.m; sourceTree = "<group>"; };
		C9DDCADF1D328F4400004080 /* UIView+WHExtension.h */ = {isa = PBXFileReference; fileEncoding = 4; lastKnownFileType = sourcecode.c.h; path = "UIView+WHExtension.h"; sourceTree = "<group>"; };
		C9DDCAE01D328F4400004080 /* UIView+WHExtension.m */ = {isa = PBXFileReference; fileEncoding = 4; lastKnownFileType = sourcecode.c.objc; path = "UIView+WHExtension.m"; sourceTree = "<group>"; };
		C9DDCAE21D328F4400004080 /* main.m */ = {isa = PBXFileReference; fileEncoding = 4; lastKnownFileType = sourcecode.c.objc; path = main.m; sourceTree = "<group>"; };
		C9DDCAE41D328F4400004080 /* PrefixHeader.pch */ = {isa = PBXFileReference; fileEncoding = 4; lastKnownFileType = sourcecode.c.h; path = PrefixHeader.pch; sourceTree = "<group>"; };
		C9DDCAE61D328F4400004080 /* WHTabBar.h */ = {isa = PBXFileReference; fileEncoding = 4; lastKnownFileType = sourcecode.c.h; path = WHTabBar.h; sourceTree = "<group>"; };
		C9DDCAE71D328F4400004080 /* WHTabBar.m */ = {isa = PBXFileReference; fileEncoding = 4; lastKnownFileType = sourcecode.c.objc; path = WHTabBar.m; sourceTree = "<group>"; };
		C9DDCAE81D328F4400004080 /* WHTabBarViewController.h */ = {isa = PBXFileReference; fileEncoding = 4; lastKnownFileType = sourcecode.c.h; path = WHTabBarViewController.h; sourceTree = "<group>"; };
		C9DDCAE91D328F4400004080 /* WHTabBarViewController.m */ = {isa = PBXFileReference; fileEncoding = 4; lastKnownFileType = sourcecode.c.objc; path = WHTabBarViewController.m; sourceTree = "<group>"; };
/* End PBXFileReference section */

/* Begin PBXFrameworksBuildPhase section */
		C99075961D2AB61100304220 /* Frameworks */ = {
			isa = PBXFrameworksBuildPhase;
			buildActionMask = 2147483647;
			files = (
			);
			runOnlyForDeploymentPostprocessing = 0;
		};
/* End PBXFrameworksBuildPhase section */

/* Begin PBXGroup section */
		C99075901D2AB61100304220 = {
			isa = PBXGroup;
			children = (
				C990759B1D2AB61100304220 /* 百思不得姐 */,
				C990759A1D2AB61100304220 /* Products */,
			);
			sourceTree = "<group>";
		};
		C990759A1D2AB61100304220 /* Products */ = {
			isa = PBXGroup;
			children = (
				C99075991D2AB61100304220 /* 百思不得姐.app */,
			);
			name = Products;
			sourceTree = "<group>";
		};
		C990759B1D2AB61100304220 /* 百思不得姐 */ = {
			isa = PBXGroup;
			children = (
				C9DDCAC21D328F4400004080 /* Classes */,
				C990759C1D2AB61100304220 /* Supporting Files */,
			);
			path = "百思不得姐";
			sourceTree = "<group>";
		};
		C990759C1D2AB61100304220 /* Supporting Files */ = {
			isa = PBXGroup;
			children = (
				C99075A51D2AB61100304220 /* Main.storyboard */,
				C99075A81D2AB61100304220 /* Assets.xcassets */,
				C99075AD1D2AB61100304220 /* Info.plist */,
			);
			name = "Supporting Files";
			sourceTree = "<group>";
		};
		C9DDCAC21D328F4400004080 /* Classes */ = {
			isa = PBXGroup;
			children = (
				C9DDCAC31D328F4400004080 /* Essence */,
				C9DDCAD51D328F4400004080 /* New */,
				C9DDCAC91D328F4400004080 /* Follow */,
				C9DDCACF1D328F4400004080 /* Me */,
				C9DDCADB1D328F4400004080 /* Other */,
			);
			path = Classes;
			sourceTree = "<group>";
		};
		C9DDCAC31D328F4400004080 /* Essence */ = {
			isa = PBXGroup;
			children = (
				C9DDCAC41D328F4400004080 /* Controller */,
				C9DDCAC71D328F4400004080 /* Model */,
				C9DDCAC81D328F4400004080 /* View */,
			);
			path = Essence;
			sourceTree = "<group>";
		};
		C9DDCAC41D328F4400004080 /* Controller */ = {
			isa = PBXGroup;
			children = (
				C9DDCAC51D328F4400004080 /* WHEssenceViewController.h */,
				C9DDCAC61D328F4400004080 /* WHEssenceViewController.m */,
			);
			path = Controller;
			sourceTree = "<group>";
		};
		C9DDCAC71D328F4400004080 /* Model */ = {
			isa = PBXGroup;
			children = (
			);
			path = Model;
			sourceTree = "<group>";
		};
		C9DDCAC81D328F4400004080 /* View */ = {
			isa = PBXGroup;
			children = (
			);
			path = View;
			sourceTree = "<group>";
		};
		C9DDCAC91D328F4400004080 /* Follow */ = {
			isa = PBXGroup;
			children = (
				C9DDCACA1D328F4400004080 /* Controller */,
				C9DDCACD1D328F4400004080 /* Model */,
				C9DDCACE1D328F4400004080 /* View */,
			);
			path = Follow;
			sourceTree = "<group>";
		};
		C9DDCACA1D328F4400004080 /* Controller */ = {
			isa = PBXGroup;
			children = (
				C9DDCACB1D328F4400004080 /* WHFollowViewController.h */,
				C9DDCACC1D328F4400004080 /* WHFollowViewController.m */,
			);
			path = Controller;
			sourceTree = "<group>";
		};
		C9DDCACD1D328F4400004080 /* Model */ = {
			isa = PBXGroup;
			children = (
			);
			path = Model;
			sourceTree = "<group>";
		};
		C9DDCACE1D328F4400004080 /* View */ = {
			isa = PBXGroup;
			children = (
			);
			path = View;
			sourceTree = "<group>";
		};
		C9DDCACF1D328F4400004080 /* Me */ = {
			isa = PBXGroup;
			children = (
				C9DDCAD01D328F4400004080 /* Controller */,
				C9DDCAD31D328F4400004080 /* Model */,
				C9DDCAD41D328F4400004080 /* View */,
			);
			path = Me;
			sourceTree = "<group>";
		};
		C9DDCAD01D328F4400004080 /* Controller */ = {
			isa = PBXGroup;
			children = (
				C9DDCAD11D328F4400004080 /* WHMeViewController.h */,
				C9DDCAD21D328F4400004080 /* WHMeViewController.m */,
			);
			path = Controller;
			sourceTree = "<group>";
		};
		C9DDCAD31D328F4400004080 /* Model */ = {
			isa = PBXGroup;
			children = (
			);
			path = Model;
			sourceTree = "<group>";
		};
		C9DDCAD41D328F4400004080 /* View */ = {
			isa = PBXGroup;
			children = (
			);
			path = View;
			sourceTree = "<group>";
		};
		C9DDCAD51D328F4400004080 /* New */ = {
			isa = PBXGroup;
			children = (
				C9DDCAD61D328F4400004080 /* Controller */,
				C9DDCAD91D328F4400004080 /* Model */,
				C9DDCADA1D328F4400004080 /* View */,
			);
			path = New;
			sourceTree = "<group>";
		};
		C9DDCAD61D328F4400004080 /* Controller */ = {
			isa = PBXGroup;
			children = (
				C9DDCAD71D328F4400004080 /* WHNewViewController.h */,
				C9DDCAD81D328F4400004080 /* WHNewViewController.m */,
			);
			path = Controller;
			sourceTree = "<group>";
		};
		C9DDCAD91D328F4400004080 /* Model */ = {
			isa = PBXGroup;
			children = (
			);
			path = Model;
			sourceTree = "<group>";
		};
		C9DDCADA1D328F4400004080 /* View */ = {
			isa = PBXGroup;
			children = (
			);
			path = View;
			sourceTree = "<group>";
		};
		C9DDCADB1D328F4400004080 /* Other */ = {
			isa = PBXGroup;
			children = (
				C9DDCAE31D328F4400004080 /* Model */,
				C9DDCAE11D328F4400004080 /* Controller */,
				C9DDCADE1D328F4400004080 /* Category */,
				C9DDCADC1D328F4400004080 /* AppDelegate.h */,
				C9DDCADD1D328F4400004080 /* AppDelegate.m */,
				C9DDCAE21D328F4400004080 /* main.m */,
				C9DDCAE41D328F4400004080 /* PrefixHeader.pch */,
				C9DDCAE51D328F4400004080 /* View */,
				C9DDCAE61D328F4400004080 /* WHTabBar.h */,
				C9DDCAE71D328F4400004080 /* WHTabBar.m */,
				C9DDCAE81D328F4400004080 /* WHTabBarViewController.h */,
				C9DDCAE91D328F4400004080 /* WHTabBarViewController.m */,
				C921F3451D35356900BAFB3C /* WHItemManager.h */,
				C921F3461D35356900BAFB3C /* WHItemManager.m */,
			);
			path = Other;
			sourceTree = "<group>";
		};
		C9DDCADE1D328F4400004080 /* Category */ = {
			isa = PBXGroup;
			children = (
				C9DDCADF1D328F4400004080 /* UIView+WHExtension.h */,
				C9DDCAE01D328F4400004080 /* UIView+WHExtension.m */,
				C921F3481D35401600BAFB3C /* UIBarButtonItem+WHExtension.h */,
				C921F3491D35401600BAFB3C /* UIBarButtonItem+WHExtension.m */,
			);
			path = Category;
			sourceTree = "<group>";
		};
		C9DDCAE11D328F4400004080 /* Controller */ = {
			isa = PBXGroup;
			children = (
			);
			path = Controller;
			sourceTree = "<group>";
		};
		C9DDCAE31D328F4400004080 /* Model */ = {
			isa = PBXGroup;
			children = (
			);
			path = Model;
			sourceTree = "<group>";
		};
		C9DDCAE51D328F4400004080 /* View */ = {
			isa = PBXGroup;
			children = (
			);
			path = View;
			sourceTree = "<group>";
		};
/* End PBXGroup section */

/* Begin PBXNativeTarget section */
		C99075981D2AB61100304220 /* 百思不得姐 */ = {
			isa = PBXNativeTarget;
			buildConfigurationList = C99075B01D2AB61100304220 /* Build configuration list for PBXNativeTarget "百思不得姐" */;
			buildPhases = (
				C99075951D2AB61100304220 /* Sources */,
				C99075961D2AB61100304220 /* Frameworks */,
				C99075971D2AB61100304220 /* Resources */,
			);
			buildRules = (
			);
			dependencies = (
			);
			name = "百思不得姐";
			productName = "百思不得姐";
			productReference = C99075991D2AB61100304220 /* 百思不得姐.app */;
			productType = "com.apple.product-type.application";
		};
/* End PBXNativeTarget section */

/* Begin PBXProject section */
		C99075911D2AB61100304220 /* Project object */ = {
			isa = PBXProject;
			attributes = {
				CLASSPREFIX = WH;
				LastUpgradeCheck = 0730;
				ORGANIZATIONNAME = XWH;
				TargetAttributes = {
					C99075981D2AB61100304220 = {
						CreatedOnToolsVersion = 7.3;
					};
				};
			};
			buildConfigurationList = C99075941D2AB61100304220 /* Build configuration list for PBXProject "百思不得姐" */;
			compatibilityVersion = "Xcode 3.2";
			developmentRegion = English;
			hasScannedForEncodings = 0;
			knownRegions = (
				en,
				Base,
			);
			mainGroup = C99075901D2AB61100304220;
			productRefGroup = C990759A1D2AB61100304220 /* Products */;
			projectDirPath = "";
			projectRoot = "";
			targets = (
				C99075981D2AB61100304220 /* 百思不得姐 */,
			);
		};
/* End PBXProject section */

/* Begin PBXResourcesBuildPhase section */
		C99075971D2AB61100304220 /* Resources */ = {
			isa = PBXResourcesBuildPhase;
			buildActionMask = 2147483647;
			files = (
				C99075A91D2AB61100304220 /* Assets.xcassets in Resources */,
				C99075A71D2AB61100304220 /* Main.storyboard in Resources */,
			);
			runOnlyForDeploymentPostprocessing = 0;
		};
/* End PBXResourcesBuildPhase section */

/* Begin PBXSourcesBuildPhase section */
		C99075951D2AB61100304220 /* Sources */ = {
			isa = PBXSourcesBuildPhase;
			buildActionMask = 2147483647;
			files = (
				C9DDCAF11D328F4400004080 /* WHTabBar.m in Sources */,
				C9DDCAED1D328F4400004080 /* WHNewViewController.m in Sources */,
				C921F34A1D35401600BAFB3C /* UIBarButtonItem+WHExtension.m in Sources */,
				C9DDCAEB1D328F4400004080 /* WHFollowViewController.m in Sources */,
				C921F3471D35356900BAFB3C /* WHItemManager.m in Sources */,
				C9DDCAEA1D328F4400004080 /* WHEssenceViewController.m in Sources */,
				C9DDCAEF1D328F4400004080 /* UIView+WHExtension.m in Sources */,
				C9DDCAEC1D328F4400004080 /* WHMeViewController.m in Sources */,
				C9DDCAF01D328F4400004080 /* main.m in Sources */,
				C9DDCAEE1D328F4400004080 /* AppDelegate.m in Sources */,
				C9DDCAF21D328F4400004080 /* WHTabBarViewController.m in Sources */,
			);
			runOnlyForDeploymentPostprocessing = 0;
		};
/* End PBXSourcesBuildPhase section */

/* Begin PBXVariantGroup section */
		C99075A51D2AB61100304220 /* Main.storyboard */ = {
			isa = PBXVariantGroup;
			children = (
				C99075A61D2AB61100304220 /* Base */,
			);
			name = Main.storyboard;
			sourceTree = "<group>";
		};
/* End PBXVariantGroup section */

/* Begin XCBuildConfiguration section */
		C99075AE1D2AB61100304220 /* Debug */ = {
			isa = XCBuildConfiguration;
			buildSettings = {
				ALWAYS_SEARCH_USER_PATHS = NO;
				CLANG_ANALYZER_NONNULL = YES;
				CLANG_CXX_LANGUAGE_STANDARD = "gnu++0x";
				CLANG_CXX_LIBRARY = "libc++";
				CLANG_ENABLE_MODULES = YES;
				CLANG_ENABLE_OBJC_ARC = YES;
				CLANG_WARN_BOOL_CONVERSION = YES;
				CLANG_WARN_CONSTANT_CONVERSION = YES;
				CLANG_WARN_DIRECT_OBJC_ISA_USAGE = YES_ERROR;
				CLANG_WARN_EMPTY_BODY = YES;
				CLANG_WARN_ENUM_CONVERSION = YES;
				CLANG_WARN_INT_CONVERSION = YES;
				CLANG_WARN_OBJC_ROOT_CLASS = YES_ERROR;
				CLANG_WARN_UNREACHABLE_CODE = YES;
				CLANG_WARN__DUPLICATE_METHOD_MATCH = YES;
				"CODE_SIGN_IDENTITY[sdk=iphoneos*]" = "iPhone Developer";
				COPY_PHASE_STRIP = NO;
				DEBUG_INFORMATION_FORMAT = dwarf;
				ENABLE_STRICT_OBJC_MSGSEND = YES;
				ENABLE_TESTABILITY = YES;
				GCC_C_LANGUAGE_STANDARD = gnu99;
				GCC_DYNAMIC_NO_PIC = NO;
				GCC_NO_COMMON_BLOCKS = YES;
				GCC_OPTIMIZATION_LEVEL = 0;
				GCC_PREPROCESSOR_DEFINITIONS = (
					"DEBUG=1",
					"$(inherited)",
				);
				GCC_WARN_64_TO_32_BIT_CONVERSION = YES;
				GCC_WARN_ABOUT_RETURN_TYPE = YES_ERROR;
				GCC_WARN_UNDECLARED_SELECTOR = YES;
				GCC_WARN_UNINITIALIZED_AUTOS = YES_AGGRESSIVE;
				GCC_WARN_UNUSED_FUNCTION = YES;
				GCC_WARN_UNUSED_VARIABLE = YES;
				IPHONEOS_DEPLOYMENT_TARGET = 9.3;
				MTL_ENABLE_DEBUG_INFO = YES;
				ONLY_ACTIVE_ARCH = YES;
				SDKROOT = iphoneos;
				TARGETED_DEVICE_FAMILY = "1,2";
			};
			name = Debug;
		};
		C99075AF1D2AB61100304220 /* Release */ = {
			isa = XCBuildConfiguration;
			buildSettings = {
				ALWAYS_SEARCH_USER_PATHS = NO;
				CLANG_ANALYZER_NONNULL = YES;
				CLANG_CXX_LANGUAGE_STANDARD = "gnu++0x";
				CLANG_CXX_LIBRARY = "libc++";
				CLANG_ENABLE_MODULES = YES;
				CLANG_ENABLE_OBJC_ARC = YES;
				CLANG_WARN_BOOL_CONVERSION = YES;
				CLANG_WARN_CONSTANT_CONVERSION = YES;
				CLANG_WARN_DIRECT_OBJC_ISA_USAGE = YES_ERROR;
				CLANG_WARN_EMPTY_BODY = YES;
				CLANG_WARN_ENUM_CONVERSION = YES;
				CLANG_WARN_INT_CONVERSION = YES;
				CLANG_WARN_OBJC_ROOT_CLASS = YES_ERROR;
				CLANG_WARN_UNREACHABLE_CODE = YES;
				CLANG_WARN__DUPLICATE_METHOD_MATCH = YES;
				"CODE_SIGN_IDENTITY[sdk=iphoneos*]" = "iPhone Developer";
				COPY_PHASE_STRIP = NO;
				DEBUG_INFORMATION_FORMAT = "dwarf-with-dsym";
				ENABLE_NS_ASSERTIONS = NO;
				ENABLE_STRICT_OBJC_MSGSEND = YES;
				GCC_C_LANGUAGE_STANDARD = gnu99;
				GCC_NO_COMMON_BLOCKS = YES;
				GCC_WARN_64_TO_32_BIT_CONVERSION = YES;
				GCC_WARN_ABOUT_RETURN_TYPE = YES_ERROR;
				GCC_WARN_UNDECLARED_SELECTOR = YES;
				GCC_WARN_UNINITIALIZED_AUTOS = YES_AGGRESSIVE;
				GCC_WARN_UNUSED_FUNCTION = YES;
				GCC_WARN_UNUSED_VARIABLE = YES;
				IPHONEOS_DEPLOYMENT_TARGET = 9.3;
				MTL_ENABLE_DEBUG_INFO = NO;
				SDKROOT = iphoneos;
				TARGETED_DEVICE_FAMILY = "1,2";
				VALIDATE_PRODUCT = YES;
			};
			name = Release;
		};
		C99075B11D2AB61100304220 /* Debug */ = {
			isa = XCBuildConfiguration;
			buildSettings = {
				ASSETCATALOG_COMPILER_APPICON_NAME = AppIcon;
				ASSETCATALOG_COMPILER_LAUNCHIMAGE_NAME = "Brand Assets";
				GCC_PREFIX_HEADER = "../百思不得姐/百思不得姐/Classes/Other/PrefixHeader.pch";
				INFOPLIST_FILE = "百思不得姐/Info.plist";
				IPHONEOS_DEPLOYMENT_TARGET = 7.0;
				LD_RUNPATH_SEARCH_PATHS = "$(inherited) @executable_path/Frameworks";
				PRODUCT_BUNDLE_IDENTIFIER = "com.1019459067.-----";
				PRODUCT_NAME = "$(TARGET_NAME)";
				TARGETED_DEVICE_FAMILY = 1;
			};
			name = Debug;
		};
		C99075B21D2AB61100304220 /* Release */ = {
			isa = XCBuildConfiguration;
			buildSettings = {
				ASSETCATALOG_COMPILER_APPICON_NAME = AppIcon;
				ASSETCATALOG_COMPILER_LAUNCHIMAGE_NAME = "Brand Assets";
				GCC_PREFIX_HEADER = "../百思不得姐/百思不得姐/Classes/Other/PrefixHeader.pch";
				INFOPLIST_FILE = "百思不得姐/Info.plist";
				IPHONEOS_DEPLOYMENT_TARGET = 7.0;
				LD_RUNPATH_SEARCH_PATHS = "$(inherited) @executable_path/Frameworks";
				PRODUCT_BUNDLE_IDENTIFIER = "com.1019459067.-----";
				PRODUCT_NAME = "$(TARGET_NAME)";
				TARGETED_DEVICE_FAMILY = 1;
			};
			name = Release;
		};
/* End XCBuildConfiguration section */

/* Begin XCConfigurationList section */
		C99075941D2AB61100304220 /* Build configuration list for PBXProject "百思不得姐" */ = {
			isa = XCConfigurationList;
			buildConfigurations = (
				C99075AE1D2AB61100304220 /* Debug */,
				C99075AF1D2AB61100304220 /* Release */,
			);
			defaultConfigurationIsVisible = 0;
			defaultConfigurationName = Release;
		};
		C99075B01D2AB61100304220 /* Build configuration list for PBXNativeTarget "百思不得姐" */ = {
			isa = XCConfigurationList;
			buildConfigurations = (
				C99075B11D2AB61100304220 /* Debug */,
				C99075B21D2AB61100304220 /* Release */,
			);
			defaultConfigurationIsVisible = 0;
			defaultConfigurationName = Release;
		};
/* End XCConfigurationList section */
	};
	rootObject = C99075911D2AB61100304220 /* Project object */;
}
