// !$*UTF8*$!
{
	archiveVersion = 1;
	classes = {
	};
	objectVersion = 46;
	objects = {

/* Begin PBXBuildFile section */
		30FE75EE1DF1765F00C68411 /* main.m in Sources */ = {isa = PBXBuildFile; fileRef = 30FE75ED1DF1765F00C68411 /* main.m */; };
		30FE76001DF1765F00C68411 /* Assets.xcassets in Resources */ = {isa = PBXBuildFile; fileRef = 30FE75FF1DF1765F00C68411 /* Assets.xcassets */; };
		30FE76031DF1765F00C68411 /* LaunchScreen.storyboard in Resources */ = {isa = PBXBuildFile; fileRef = 30FE76011DF1765F00C68411 /* LaunchScreen.storyboard */; };
		30FE76161DF176B400C68411 /* ButtonNode.m in Sources */ = {isa = PBXBuildFile; fileRef = 30FE760F1DF176B400C68411 /* ButtonNode.m */; };
		30FE76181DF176B400C68411 /* HomeScene.m in Sources */ = {isa = PBXBuildFile; fileRef = 30FE76141DF176B400C68411 /* HomeScene.m */; };
		30FE76241DF176C500C68411 /* Molot.otf in Resources */ = {isa = PBXBuildFile; fileRef = 30FE761C1DF176C500C68411 /* Molot.otf */; };
		30FE76251DF176C500C68411 /* pointboard.jpg in Resources */ = {isa = PBXBuildFile; fileRef = 30FE761D1DF176C500C68411 /* pointboard.jpg */; };
		30FE76261DF176C500C68411 /* bgm.m4a in Resources */ = {isa = PBXBuildFile; fileRef = 30FE761F1DF176C500C68411 /* bgm.m4a */; };
		30FE76271DF176C500C68411 /* button-in.m4a in Resources */ = {isa = PBXBuildFile; fileRef = 30FE76201DF176C500C68411 /* button-in.m4a */; };
		30FE76281DF176C500C68411 /* button-out.m4a in Resources */ = {isa = PBXBuildFile; fileRef = 30FE76211DF176C500C68411 /* button-out.m4a */; };
		30FE76291DF176C500C68411 /* wet.m4a in Resources */ = {isa = PBXBuildFile; fileRef = 30FE76221DF176C500C68411 /* wet.m4a */; };
		30FE762A1DF176C500C68411 /* sprite.atlas in Resources */ = {isa = PBXBuildFile; fileRef = 30FE76231DF176C500C68411 /* sprite.atlas */; };
		30FE762D1DF1772C00C68411 /* GameScene.m in Sources */ = {isa = PBXBuildFile; fileRef = 30FE762C1DF1772C00C68411 /* GameScene.m */; };
		30FE762F1DF179D200C68411 /* Main.storyboard in Resources */ = {isa = PBXBuildFile; fileRef = 30FE762E1DF179D200C68411 /* Main.storyboard */; };
		30FE76321DF17AF700C68411 /* GameViewController.m in Sources */ = {isa = PBXBuildFile; fileRef = 30FE76311DF17AF700C68411 /* GameViewController.m */; };
		30FE76361DF17B0800C68411 /* AppDelegate.m in Sources */ = {isa = PBXBuildFile; fileRef = 30FE76351DF17B0800C68411 /* AppDelegate.m */; };
		C9E849BB1DF3F067000CC915 /* icon.png in Resources */ = {isa = PBXBuildFile; fileRef = C9E849BA1DF3F067000CC915 /* icon.png */; };
		C9E849BE1DF43999000CC915 /* PlayerNode.m in Sources */ = {isa = PBXBuildFile; fileRef = C9E849BD1DF43999000CC915 /* PlayerNode.m */; };
		C9E849C11DF43ABE000CC915 /* GuideNode.m in Sources */ = {isa = PBXBuildFile; fileRef = C9E849C01DF43ABE000CC915 /* GuideNode.m */; };
		C9E849C41DF43C70000CC915 /* CounterHandler.m in Sources */ = {isa = PBXBuildFile; fileRef = C9E849C31DF43C70000CC915 /* CounterHandler.m */; };
		C9E849E11DF44AC3000CC915 /* SSKeychain.strings in Resources */ = {isa = PBXBuildFile; fileRef = C9E849DB1DF44AC3000CC915 /* SSKeychain.strings */; };
		C9E849E21DF44AC3000CC915 /* SSKeychain.m in Sources */ = {isa = PBXBuildFile; fileRef = C9E849DE1DF44AC3000CC915 /* SSKeychain.m */; };
		C9E849E31DF44AC3000CC915 /* SSKeychainQuery.m in Sources */ = {isa = PBXBuildFile; fileRef = C9E849E01DF44AC3000CC915 /* SSKeychainQuery.m */; };
/* End PBXBuildFile section */

/* Begin PBXFileReference section */
		30FE75E91DF1765F00C68411 /* Wet Koala Demo.app */ = {isa = PBXFileReference; explicitFileType = wrapper.application; includeInIndex = 0; path = "Wet Koala Demo.app"; sourceTree = BUILT_PRODUCTS_DIR; };
		30FE75ED1DF1765F00C68411 /* main.m */ = {isa = PBXFileReference; lastKnownFileType = sourcecode.c.objc; path = main.m; sourceTree = "<group>"; };
		30FE75FF1DF1765F00C68411 /* Assets.xcassets */ = {isa = PBXFileReference; lastKnownFileType = folder.assetcatalog; path = Assets.xcassets; sourceTree = "<group>"; };
		30FE76021DF1765F00C68411 /* Base */ = {isa = PBXFileReference; lastKnownFileType = file.storyboard; name = Base; path = Base.lproj/LaunchScreen.storyboard; sourceTree = "<group>"; };
		30FE76041DF1765F00C68411 /* Info.plist */ = {isa = PBXFileReference; lastKnownFileType = text.plist.xml; path = Info.plist; sourceTree = "<group>"; };
		30FE760E1DF176B400C68411 /* ButtonNode.h */ = {isa = PBXFileReference; fileEncoding = 4; lastKnownFileType = sourcecode.c.h; path = ButtonNode.h; sourceTree = "<group>"; };
		30FE760F1DF176B400C68411 /* ButtonNode.m */ = {isa = PBXFileReference; fileEncoding = 4; lastKnownFileType = sourcecode.c.objc; path = ButtonNode.m; sourceTree = "<group>"; };
		30FE76131DF176B400C68411 /* HomeScene.h */ = {isa = PBXFileReference; fileEncoding = 4; lastKnownFileType = sourcecode.c.h; path = HomeScene.h; sourceTree = "<group>"; };
		30FE76141DF176B400C68411 /* HomeScene.m */ = {isa = PBXFileReference; fileEncoding = 4; lastKnownFileType = sourcecode.c.objc; path = HomeScene.m; sourceTree = "<group>"; };
		30FE761C1DF176C500C68411 /* Molot.otf */ = {isa = PBXFileReference; lastKnownFileType = file; path = Molot.otf; sourceTree = "<group>"; };
		30FE761D1DF176C500C68411 /* pointboard.jpg */ = {isa = PBXFileReference; lastKnownFileType = image.jpeg; path = pointboard.jpg; sourceTree = "<group>"; };
		30FE761F1DF176C500C68411 /* bgm.m4a */ = {isa = PBXFileReference; lastKnownFileType = file; path = bgm.m4a; sourceTree = "<group>"; };
		30FE76201DF176C500C68411 /* button-in.m4a */ = {isa = PBXFileReference; lastKnownFileType = file; path = "button-in.m4a"; sourceTree = "<group>"; };
		30FE76211DF176C500C68411 /* button-out.m4a */ = {isa = PBXFileReference; lastKnownFileType = file; path = "button-out.m4a"; sourceTree = "<group>"; };
		30FE76221DF176C500C68411 /* wet.m4a */ = {isa = PBXFileReference; lastKnownFileType = file; path = wet.m4a; sourceTree = "<group>"; };
		30FE76231DF176C500C68411 /* sprite.atlas */ = {isa = PBXFileReference; lastKnownFileType = folder.skatlas; path = sprite.atlas; sourceTree = "<group>"; };
		30FE762B1DF1772C00C68411 /* GameScene.h */ = {isa = PBXFileReference; fileEncoding = 4; lastKnownFileType = sourcecode.c.h; path = GameScene.h; sourceTree = "<group>"; };
		30FE762C1DF1772C00C68411 /* GameScene.m */ = {isa = PBXFileReference; fileEncoding = 4; lastKnownFileType = sourcecode.c.objc; path = GameScene.m; sourceTree = "<group>"; };
		30FE762E1DF179D200C68411 /* Main.storyboard */ = {isa = PBXFileReference; fileEncoding = 4; lastKnownFileType = file.storyboard; path = Main.storyboard; sourceTree = "<group>"; };
		30FE76301DF17AF700C68411 /* GameViewController.h */ = {isa = PBXFileReference; fileEncoding = 4; lastKnownFileType = sourcecode.c.h; path = GameViewController.h; sourceTree = "<group>"; };
		30FE76311DF17AF700C68411 /* GameViewController.m */ = {isa = PBXFileReference; fileEncoding = 4; lastKnownFileType = sourcecode.c.objc; path = GameViewController.m; sourceTree = "<group>"; };
		30FE76341DF17B0800C68411 /* AppDelegate.h */ = {isa = PBXFileReference; fileEncoding = 4; lastKnownFileType = sourcecode.c.h; path = AppDelegate.h; sourceTree = "<group>"; };
		30FE76351DF17B0800C68411 /* AppDelegate.m */ = {isa = PBXFileReference; fileEncoding = 4; lastKnownFileType = sourcecode.c.objc; path = AppDelegate.m; sourceTree = "<group>"; };
		C9E849BA1DF3F067000CC915 /* icon.png */ = {isa = PBXFileReference; lastKnownFileType = image.png; path = icon.png; sourceTree = "<group>"; };
		C9E849BC1DF43999000CC915 /* PlayerNode.h */ = {isa = PBXFileReference; fileEncoding = 4; lastKnownFileType = sourcecode.c.h; path = PlayerNode.h; sourceTree = "<group>"; };
		C9E849BD1DF43999000CC915 /* PlayerNode.m */ = {isa = PBXFileReference; fileEncoding = 4; lastKnownFileType = sourcecode.c.objc; path = PlayerNode.m; sourceTree = "<group>"; };
		C9E849BF1DF43ABE000CC915 /* GuideNode.h */ = {isa = PBXFileReference; fileEncoding = 4; lastKnownFileType = sourcecode.c.h; path = GuideNode.h; sourceTree = "<group>"; };
		C9E849C01DF43ABE000CC915 /* GuideNode.m */ = {isa = PBXFileReference; fileEncoding = 4; lastKnownFileType = sourcecode.c.objc; path = GuideNode.m; sourceTree = "<group>"; };
		C9E849C21DF43C70000CC915 /* CounterHandler.h */ = {isa = PBXFileReference; fileEncoding = 4; lastKnownFileType = sourcecode.c.h; path = CounterHandler.h; sourceTree = "<group>"; };
		C9E849C31DF43C70000CC915 /* CounterHandler.m */ = {isa = PBXFileReference; fileEncoding = 4; lastKnownFileType = sourcecode.c.objc; path = CounterHandler.m; sourceTree = "<group>"; };
		C9E849DC1DF44AC3000CC915 /* en */ = {isa = PBXFileReference; lastKnownFileType = text.plist.strings; name = en; path = en.lproj/SSKeychain.strings; sourceTree = "<group>"; };
		C9E849DD1DF44AC3000CC915 /* SSKeychain.h */ = {isa = PBXFileReference; fileEncoding = 4; lastKnownFileType = sourcecode.c.h; path = SSKeychain.h; sourceTree = "<group>"; };
		C9E849DE1DF44AC3000CC915 /* SSKeychain.m */ = {isa = PBXFileReference; fileEncoding = 4; lastKnownFileType = sourcecode.c.objc; path = SSKeychain.m; sourceTree = "<group>"; };
		C9E849DF1DF44AC3000CC915 /* SSKeychainQuery.h */ = {isa = PBXFileReference; fileEncoding = 4; lastKnownFileType = sourcecode.c.h; path = SSKeychainQuery.h; sourceTree = "<group>"; };
		C9E849E01DF44AC3000CC915 /* SSKeychainQuery.m */ = {isa = PBXFileReference; fileEncoding = 4; lastKnownFileType = sourcecode.c.objc; path = SSKeychainQuery.m; sourceTree = "<group>"; };
/* End PBXFileReference section */

/* Begin PBXFrameworksBuildPhase section */
		30FE75E61DF1765F00C68411 /* Frameworks */ = {
			isa = PBXFrameworksBuildPhase;
			buildActionMask = 2147483647;
			files = (
			);
			runOnlyForDeploymentPostprocessing = 0;
		};
/* End PBXFrameworksBuildPhase section */

/* Begin PBXGroup section */
		30FE75E01DF1765F00C68411 = {
			isa = PBXGroup;
			children = (
				30FE75EB1DF1765F00C68411 /* Wet Koala Demo */,
				30FE75EA1DF1765F00C68411 /* Products */,
			);
			sourceTree = "<group>";
		};
		30FE75EA1DF1765F00C68411 /* Products */ = {
			isa = PBXGroup;
			children = (
				30FE75E91DF1765F00C68411 /* Wet Koala Demo.app */,
			);
			name = Products;
			sourceTree = "<group>";
		};
		30FE75EB1DF1765F00C68411 /* Wet Koala Demo */ = {
			isa = PBXGroup;
			children = (
				C9E849D91DF44ABA000CC915 /* Lib */,
				30FE760A1DF176B400C68411 /* Class */,
				30FE76331DF17B0800C68411 /* Main */,
				30FE762E1DF179D200C68411 /* Main.storyboard */,
				30FE75FF1DF1765F00C68411 /* Assets.xcassets */,
				30FE76011DF1765F00C68411 /* LaunchScreen.storyboard */,
				30FE76041DF1765F00C68411 /* Info.plist */,
				30FE75EC1DF1765F00C68411 /* Supporting Files */,
			);
			path = "Wet Koala Demo";
			sourceTree = "<group>";
		};
		30FE75EC1DF1765F00C68411 /* Supporting Files */ = {
			isa = PBXGroup;
			children = (
				C9E849BA1DF3F067000CC915 /* icon.png */,
				30FE761A1DF176C500C68411 /* Resources */,
				30FE75ED1DF1765F00C68411 /* main.m */,
			);
			name = "Supporting Files";
			sourceTree = "<group>";
		};
		30FE760A1DF176B400C68411 /* Class */ = {
			isa = PBXGroup;
			children = (
				30FE76301DF17AF700C68411 /* GameViewController.h */,
				30FE76311DF17AF700C68411 /* GameViewController.m */,
				30FE760D1DF176B400C68411 /* Nodes */,
				30FE76101DF176B400C68411 /* Scenes */,
			);
			path = Class;
			sourceTree = "<group>";
		};
		30FE760D1DF176B400C68411 /* Nodes */ = {
			isa = PBXGroup;
			children = (
				30FE760E1DF176B400C68411 /* ButtonNode.h */,
				30FE760F1DF176B400C68411 /* ButtonNode.m */,
				C9E849BC1DF43999000CC915 /* PlayerNode.h */,
				C9E849BD1DF43999000CC915 /* PlayerNode.m */,
				C9E849BF1DF43ABE000CC915 /* GuideNode.h */,
				C9E849C01DF43ABE000CC915 /* GuideNode.m */,
				C9E849C21DF43C70000CC915 /* CounterHandler.h */,
				C9E849C31DF43C70000CC915 /* CounterHandler.m */,
			);
			path = Nodes;
			sourceTree = "<group>";
		};
		30FE76101DF176B400C68411 /* Scenes */ = {
			isa = PBXGroup;
			children = (
				30FE762B1DF1772C00C68411 /* GameScene.h */,
				30FE762C1DF1772C00C68411 /* GameScene.m */,
				30FE76131DF176B400C68411 /* HomeScene.h */,
				30FE76141DF176B400C68411 /* HomeScene.m */,
			);
			path = Scenes;
			sourceTree = "<group>";
		};
		30FE761A1DF176C500C68411 /* Resources */ = {
			isa = PBXGroup;
			children = (
				30FE761B1DF176C500C68411 /* font */,
				30FE761D1DF176C500C68411 /* pointboard.jpg */,
				30FE761E1DF176C500C68411 /* Sounds */,
				30FE76231DF176C500C68411 /* sprite.atlas */,
			);
			path = Resources;
			sourceTree = "<group>";
		};
		30FE761B1DF176C500C68411 /* font */ = {
			isa = PBXGroup;
			children = (
				30FE761C1DF176C500C68411 /* Molot.otf */,
			);
			path = font;
			sourceTree = "<group>";
		};
		30FE761E1DF176C500C68411 /* Sounds */ = {
			isa = PBXGroup;
			children = (
				30FE761F1DF176C500C68411 /* bgm.m4a */,
				30FE76201DF176C500C68411 /* button-in.m4a */,
				30FE76211DF176C500C68411 /* button-out.m4a */,
				30FE76221DF176C500C68411 /* wet.m4a */,
			);
			path = Sounds;
			sourceTree = "<group>";
		};
		30FE76331DF17B0800C68411 /* Main */ = {
			isa = PBXGroup;
			children = (
				30FE76341DF17B0800C68411 /* AppDelegate.h */,
				30FE76351DF17B0800C68411 /* AppDelegate.m */,
			);
			path = Main;
			sourceTree = "<group>";
		};
		C9E849D91DF44ABA000CC915 /* Lib */ = {
			isa = PBXGroup;
			children = (
				C9E849DA1DF44AC3000CC915 /* SSKeychain */,
			);
			path = Lib;
			sourceTree = "<group>";
		};
		C9E849DA1DF44AC3000CC915 /* SSKeychain */ = {
			isa = PBXGroup;
			children = (
				C9E849DB1DF44AC3000CC915 /* SSKeychain.strings */,
				C9E849DD1DF44AC3000CC915 /* SSKeychain.h */,
				C9E849DE1DF44AC3000CC915 /* SSKeychain.m */,
				C9E849DF1DF44AC3000CC915 /* SSKeychainQuery.h */,
				C9E849E01DF44AC3000CC915 /* SSKeychainQuery.m */,
			);
			path = SSKeychain;
			sourceTree = "<group>";
		};
/* End PBXGroup section */

/* Begin PBXNativeTarget section */
		30FE75E81DF1765F00C68411 /* Wet Koala Demo */ = {
			isa = PBXNativeTarget;
			buildConfigurationList = 30FE76071DF1765F00C68411 /* Build configuration list for PBXNativeTarget "Wet Koala Demo" */;
			buildPhases = (
				30FE75E51DF1765F00C68411 /* Sources */,
				30FE75E61DF1765F00C68411 /* Frameworks */,
				30FE75E71DF1765F00C68411 /* Resources */,
			);
			buildRules = (
			);
			dependencies = (
			);
			name = "Wet Koala Demo";
			productName = "Wet Koala Demo";
			productReference = 30FE75E91DF1765F00C68411 /* Wet Koala Demo.app */;
			productType = "com.apple.product-type.application";
		};
/* End PBXNativeTarget section */

/* Begin PBXProject section */
		30FE75E11DF1765F00C68411 /* Project object */ = {
			isa = PBXProject;
			attributes = {
				LastUpgradeCheck = 0810;
				ORGANIZATIONNAME = 1019459067;
				TargetAttributes = {
					30FE75E81DF1765F00C68411 = {
						CreatedOnToolsVersion = 8.1;
						DevelopmentTeam = G426QE9Z25;
						ProvisioningStyle = Automatic;
					};
				};
			};
			buildConfigurationList = 30FE75E41DF1765F00C68411 /* Build configuration list for PBXProject "Wet Koala Demo" */;
			compatibilityVersion = "Xcode 3.2";
			developmentRegion = English;
			hasScannedForEncodings = 0;
			knownRegions = (
				en,
				Base,
			);
			mainGroup = 30FE75E01DF1765F00C68411;
			productRefGroup = 30FE75EA1DF1765F00C68411 /* Products */;
			projectDirPath = "";
			projectRoot = "";
			targets = (
				30FE75E81DF1765F00C68411 /* Wet Koala Demo */,
			);
		};
/* End PBXProject section */

/* Begin PBXResourcesBuildPhase section */
		30FE75E71DF1765F00C68411 /* Resources */ = {
			isa = PBXResourcesBuildPhase;
			buildActionMask = 2147483647;
			files = (
				30FE762A1DF176C500C68411 /* sprite.atlas in Resources */,
				30FE762F1DF179D200C68411 /* Main.storyboard in Resources */,
				30FE76251DF176C500C68411 /* pointboard.jpg in Resources */,
				30FE76001DF1765F00C68411 /* Assets.xcassets in Resources */,
				30FE76261DF176C500C68411 /* bgm.m4a in Resources */,
				30FE76271DF176C500C68411 /* button-in.m4a in Resources */,
				C9E849BB1DF3F067000CC915 /* icon.png in Resources */,
				30FE76031DF1765F00C68411 /* LaunchScreen.storyboard in Resources */,
				C9E849E11DF44AC3000CC915 /* SSKeychain.strings in Resources */,
				30FE76291DF176C500C68411 /* wet.m4a in Resources */,
				30FE76241DF176C500C68411 /* Molot.otf in Resources */,
				30FE76281DF176C500C68411 /* button-out.m4a in Resources */,
			);
			runOnlyForDeploymentPostprocessing = 0;
		};
/* End PBXResourcesBuildPhase section */

/* Begin PBXSourcesBuildPhase section */
		30FE75E51DF1765F00C68411 /* Sources */ = {
			isa = PBXSourcesBuildPhase;
			buildActionMask = 2147483647;
			files = (
				30FE76321DF17AF700C68411 /* GameViewController.m in Sources */,
				C9E849E31DF44AC3000CC915 /* SSKeychainQuery.m in Sources */,
				30FE76161DF176B400C68411 /* ButtonNode.m in Sources */,
				C9E849C11DF43ABE000CC915 /* GuideNode.m in Sources */,
				C9E849C41DF43C70000CC915 /* CounterHandler.m in Sources */,
				C9E849BE1DF43999000CC915 /* PlayerNode.m in Sources */,
				30FE76361DF17B0800C68411 /* AppDelegate.m in Sources */,
				30FE76181DF176B400C68411 /* HomeScene.m in Sources */,
				30FE762D1DF1772C00C68411 /* GameScene.m in Sources */,
				30FE75EE1DF1765F00C68411 /* main.m in Sources */,
				C9E849E21DF44AC3000CC915 /* SSKeychain.m in Sources */,
			);
			runOnlyForDeploymentPostprocessing = 0;
		};
/* End PBXSourcesBuildPhase section */

/* Begin PBXVariantGroup section */
		30FE76011DF1765F00C68411 /* LaunchScreen.storyboard */ = {
			isa = PBXVariantGroup;
			children = (
				30FE76021DF1765F00C68411 /* Base */,
			);
			name = LaunchScreen.storyboard;
			sourceTree = "<group>";
		};
		C9E849DB1DF44AC3000CC915 /* SSKeychain.strings */ = {
			isa = PBXVariantGroup;
			children = (
				C9E849DC1DF44AC3000CC915 /* en */,
			);
			name = SSKeychain.strings;
			sourceTree = "<group>";
		};
/* End PBXVariantGroup section */

/* Begin XCBuildConfiguration section */
		30FE76051DF1765F00C68411 /* Debug */ = {
			isa = XCBuildConfiguration;
			buildSettings = {
				ALWAYS_SEARCH_USER_PATHS = NO;
				CLANG_ANALYZER_NONNULL = YES;
				CLANG_CXX_LANGUAGE_STANDARD = "gnu++0x";
				CLANG_CXX_LIBRARY = "libc++";
				CLANG_ENABLE_MODULES = YES;
				CLANG_ENABLE_OBJC_ARC = YES;
				CLANG_WARN_BOOL_CONVERSION = YES;
				CLANG_WARN_CONSTANT_CONVERSION = YES;
				CLANG_WARN_DIRECT_OBJC_ISA_USAGE = YES_ERROR;
				CLANG_WARN_DOCUMENTATION_COMMENTS = YES;
				CLANG_WARN_EMPTY_BODY = YES;
				CLANG_WARN_ENUM_CONVERSION = YES;
				CLANG_WARN_INFINITE_RECURSION = YES;
				CLANG_WARN_INT_CONVERSION = YES;
				CLANG_WARN_OBJC_ROOT_CLASS = YES_ERROR;
				CLANG_WARN_SUSPICIOUS_MOVES = YES;
				CLANG_WARN_UNREACHABLE_CODE = YES;
				CLANG_WARN__DUPLICATE_METHOD_MATCH = YES;
				"CODE_SIGN_IDENTITY[sdk=iphoneos*]" = "iPhone Developer";
				COPY_PHASE_STRIP = NO;
				DEBUG_INFORMATION_FORMAT = dwarf;
				ENABLE_STRICT_OBJC_MSGSEND = YES;
				ENABLE_TESTABILITY = YES;
				GCC_C_LANGUAGE_STANDARD = gnu99;
				GCC_DYNAMIC_NO_PIC = NO;
				GCC_NO_COMMON_BLOCKS = YES;
				GCC_OPTIMIZATION_LEVEL = 0;
				GCC_PREPROCESSOR_DEFINITIONS = (
					"DEBUG=1",
					"$(inherited)",
				);
				GCC_WARN_64_TO_32_BIT_CONVERSION = YES;
				GCC_WARN_ABOUT_RETURN_TYPE = YES_ERROR;
				GCC_WARN_UNDECLARED_SELECTOR = YES;
				GCC_WARN_UNINITIALIZED_AUTOS = YES_AGGRESSIVE;
				GCC_WARN_UNUSED_FUNCTION = YES;
				GCC_WARN_UNUSED_VARIABLE = YES;
				IPHONEOS_DEPLOYMENT_TARGET = 10.1;
				MTL_ENABLE_DEBUG_INFO = YES;
				ONLY_ACTIVE_ARCH = YES;
				SDKROOT = iphoneos;
				TARGETED_DEVICE_FAMILY = "1,2";
			};
			name = Debug;
		};
		30FE76061DF1765F00C68411 /* Release */ = {
			isa = XCBuildConfiguration;
			buildSettings = {
				ALWAYS_SEARCH_USER_PATHS = NO;
				CLANG_ANALYZER_NONNULL = YES;
				CLANG_CXX_LANGUAGE_STANDARD = "gnu++0x";
				CLANG_CXX_LIBRARY = "libc++";
				CLANG_ENABLE_MODULES = YES;
				CLANG_ENABLE_OBJC_ARC = YES;
				CLANG_WARN_BOOL_CONVERSION = YES;
				CLANG_WARN_CONSTANT_CONVERSION = YES;
				CLANG_WARN_DIRECT_OBJC_ISA_USAGE = YES_ERROR;
				CLANG_WARN_DOCUMENTATION_COMMENTS = YES;
				CLANG_WARN_EMPTY_BODY = YES;
				CLANG_WARN_ENUM_CONVERSION = YES;
				CLANG_WARN_INFINITE_RECURSION = YES;
				CLANG_WARN_INT_CONVERSION = YES;
				CLANG_WARN_OBJC_ROOT_CLASS = YES_ERROR;
				CLANG_WARN_SUSPICIOUS_MOVES = YES;
				CLANG_WARN_UNREACHABLE_CODE = YES;
				CLANG_WARN__DUPLICATE_METHOD_MATCH = YES;
				"CODE_SIGN_IDENTITY[sdk=iphoneos*]" = "iPhone Developer";
				COPY_PHASE_STRIP = NO;
				DEBUG_INFORMATION_FORMAT = "dwarf-with-dsym";
				ENABLE_NS_ASSERTIONS = NO;
				ENABLE_STRICT_OBJC_MSGSEND = YES;
				GCC_C_LANGUAGE_STANDARD = gnu99;
				GCC_NO_COMMON_BLOCKS = YES;
				GCC_WARN_64_TO_32_BIT_CONVERSION = YES;
				GCC_WARN_ABOUT_RETURN_TYPE = YES_ERROR;
				GCC_WARN_UNDECLARED_SELECTOR = YES;
				GCC_WARN_UNINITIALIZED_AUTOS = YES_AGGRESSIVE;
				GCC_WARN_UNUSED_FUNCTION = YES;
				GCC_WARN_UNUSED_VARIABLE = YES;
				IPHONEOS_DEPLOYMENT_TARGET = 10.1;
				MTL_ENABLE_DEBUG_INFO = NO;
				SDKROOT = iphoneos;
				TARGETED_DEVICE_FAMILY = "1,2";
				VALIDATE_PRODUCT = YES;
			};
			name = Release;
		};
		30FE76081DF1765F00C68411 /* Debug */ = {
			isa = XCBuildConfiguration;
			buildSettings = {
				ASSETCATALOG_COMPILER_APPICON_NAME = AppIcon;
				DEVELOPMENT_TEAM = G426QE9Z25;
				INFOPLIST_FILE = "Wet Koala Demo/Info.plist";
				IPHONEOS_DEPLOYMENT_TARGET = 8.0;
				LD_RUNPATH_SEARCH_PATHS = "$(inherited) @executable_path/Frameworks";
				PRODUCT_BUNDLE_IDENTIFIER = "com.1019459067.Wet-Koala-Demo";
				PRODUCT_NAME = "$(TARGET_NAME)";
			};
			name = Debug;
		};
		30FE76091DF1765F00C68411 /* Release */ = {
			isa = XCBuildConfiguration;
			buildSettings = {
				ASSETCATALOG_COMPILER_APPICON_NAME = AppIcon;
				DEVELOPMENT_TEAM = G426QE9Z25;
				INFOPLIST_FILE = "Wet Koala Demo/Info.plist";
				IPHONEOS_DEPLOYMENT_TARGET = 8.0;
				LD_RUNPATH_SEARCH_PATHS = "$(inherited) @executable_path/Frameworks";
				PRODUCT_BUNDLE_IDENTIFIER = "com.1019459067.Wet-Koala-Demo";
				PRODUCT_NAME = "$(TARGET_NAME)";
			};
			name = Release;
		};
/* End XCBuildConfiguration section */

/* Begin XCConfigurationList section */
		30FE75E41DF1765F00C68411 /* Build configuration list for PBXProject "Wet Koala Demo" */ = {
			isa = XCConfigurationList;
			buildConfigurations = (
				30FE76051DF1765F00C68411 /* Debug */,
				30FE76061DF1765F00C68411 /* Release */,
			);
			defaultConfigurationIsVisible = 0;
			defaultConfigurationName = Release;
		};
		30FE76071DF1765F00C68411 /* Build configuration list for PBXNativeTarget "Wet Koala Demo" */ = {
			isa = XCConfigurationList;
			buildConfigurations = (
				30FE76081DF1765F00C68411 /* Debug */,
				30FE76091DF1765F00C68411 /* Release */,
			);
			defaultConfigurationIsVisible = 0;
			defaultConfigurationName = Release;
		};
/* End XCConfigurationList section */
	};
	rootObject = 30FE75E11DF1765F00C68411 /* Project object */;
}
